// !$*UTF8*$!
{
	archiveVersion = 1;
	classes = {
	};
	objectVersion = 55;
	objects = {

/* Begin PBXBuildFile section */
		83ABBB172A12C73000763796 /* Assets.xcassets in Resources */ = {isa = PBXBuildFile; fileRef = 83ABBB162A12C73000763796 /* Assets.xcassets */; };
		83ABBB1A2A12C73000763796 /* LaunchScreen.storyboard in Resources */ = {isa = PBXBuildFile; fileRef = 83ABBB182A12C73000763796 /* LaunchScreen.storyboard */; };
		83ABBB212A12C73F00763796 /* 00-window.cpp in Sources */ = {isa = PBXBuildFile; fileRef = 71A9C09227349E3000932563 /* 00-window.cpp */; };
		83ABBB472A12F0BA00763796 /* 01-primitive.cpp in Sources */ = {isa = PBXBuildFile; fileRef = 71A9C0A927349EB500932563 /* 01-primitive.cpp */; };
		83ABBB692A12F23600763796 /* 02-argbuffers.cpp in Sources */ = {isa = PBXBuildFile; fileRef = 71A9C0C22734A00900932563 /* 02-argbuffers.cpp */; };
		83ABBB8F2A12FC2700763796 /* 03-animation.cpp in Sources */ = {isa = PBXBuildFile; fileRef = 71A9C0DB2734A0B800932563 /* 03-animation.cpp */; };
		83ABBBAD2A12FCF900763796 /* 04-instancing.cpp in Sources */ = {isa = PBXBuildFile; fileRef = 71A9C0F42734A12500932563 /* 04-instancing.cpp */; };
		83ABBBD32A12FECF00763796 /* 05-perspective.cpp in Sources */ = {isa = PBXBuildFile; fileRef = 71A9C10D2734A18F00932563 /* 05-perspective.cpp */; };
		83ABBBF12A13015C00763796 /* 06-lighting.cpp in Sources */ = {isa = PBXBuildFile; fileRef = 71A9C1262734A21F00932563 /* 06-lighting.cpp */; };
		83ABBC182A1303A600763796 /* 07-texturing.cpp in Sources */ = {isa = PBXBuildFile; fileRef = 71A9C13F2734A2B900932563 /* 07-texturing.cpp */; };
		83ABBC362A1304EC00763796 /* 08-compute.cpp in Sources */ = {isa = PBXBuildFile; fileRef = 71A9C1582734A30B00932563 /* 08-compute.cpp */; };
		83ABBC5C2A1306A600763796 /* 09-compute-to-render.cpp in Sources */ = {isa = PBXBuildFile; fileRef = 71A9C1712734A39300932563 /* 09-compute-to-render.cpp */; };
		83ABBC7E2A13073900763796 /* 10-frame-debugging.cpp in Sources */ = {isa = PBXBuildFile; fileRef = 71A9C18A2734A42900932563 /* 10-frame-debugging.cpp */; };
		83E013272E413150004199F1 /* CoreFoundation.framework in Frameworks */ = {isa = PBXBuildFile; fileRef = 83E013252E413150004199F1 /* CoreFoundation.framework */; };
		83E013282E413150004199F1 /* Foundation.framework in Frameworks */ = {isa = PBXBuildFile; fileRef = 83E013262E413150004199F1 /* Foundation.framework */; };
		83E0132A2E413154004199F1 /* Metal.framework in Frameworks */ = {isa = PBXBuildFile; fileRef = 83E013292E413154004199F1 /* Metal.framework */; };
		83E0132C2E413159004199F1 /* MetalKit.framework in Frameworks */ = {isa = PBXBuildFile; fileRef = 83E0132B2E413159004199F1 /* MetalKit.framework */; };
		83E0132E2E41315E004199F1 /* UIKit.framework in Frameworks */ = {isa = PBXBuildFile; fileRef = 83E0132D2E41315E004199F1 /* UIKit.framework */; };
		83E0132F2E41317C004199F1 /* UIKit.framework in Frameworks */ = {isa = PBXBuildFile; fileRef = 83E0132D2E41315E004199F1 /* UIKit.framework */; };
		83E013302E41317C004199F1 /* MetalKit.framework in Frameworks */ = {isa = PBXBuildFile; fileRef = 83E0132B2E413159004199F1 /* MetalKit.framework */; };
		83E013312E41317C004199F1 /* Metal.framework in Frameworks */ = {isa = PBXBuildFile; fileRef = 83E013292E413154004199F1 /* Metal.framework */; };
		83E013322E41317C004199F1 /* CoreFoundation.framework in Frameworks */ = {isa = PBXBuildFile; fileRef = 83E013252E413150004199F1 /* CoreFoundation.framework */; };
		83E013332E41317C004199F1 /* Foundation.framework in Frameworks */ = {isa = PBXBuildFile; fileRef = 83E013262E413150004199F1 /* Foundation.framework */; };
		83E013342E413180004199F1 /* UIKit.framework in Frameworks */ = {isa = PBXBuildFile; fileRef = 83E0132D2E41315E004199F1 /* UIKit.framework */; };
		83E013352E413180004199F1 /* MetalKit.framework in Frameworks */ = {isa = PBXBuildFile; fileRef = 83E0132B2E413159004199F1 /* MetalKit.framework */; };
		83E013362E413180004199F1 /* Metal.framework in Frameworks */ = {isa = PBXBuildFile; fileRef = 83E013292E413154004199F1 /* Metal.framework */; };
		83E013372E413180004199F1 /* CoreFoundation.framework in Frameworks */ = {isa = PBXBuildFile; fileRef = 83E013252E413150004199F1 /* CoreFoundation.framework */; };
		83E013382E413180004199F1 /* Foundation.framework in Frameworks */ = {isa = PBXBuildFile; fileRef = 83E013262E413150004199F1 /* Foundation.framework */; };
		83E013392E413182004199F1 /* UIKit.framework in Frameworks */ = {isa = PBXBuildFile; fileRef = 83E0132D2E41315E004199F1 /* UIKit.framework */; };
		83E0133A2E413182004199F1 /* MetalKit.framework in Frameworks */ = {isa = PBXBuildFile; fileRef = 83E0132B2E413159004199F1 /* MetalKit.framework */; };
		83E0133B2E413182004199F1 /* Metal.framework in Frameworks */ = {isa = PBXBuildFile; fileRef = 83E013292E413154004199F1 /* Metal.framework */; };
		83E0133C2E413182004199F1 /* CoreFoundation.framework in Frameworks */ = {isa = PBXBuildFile; fileRef = 83E013252E413150004199F1 /* CoreFoundation.framework */; };
		83E0133D2E413182004199F1 /* Foundation.framework in Frameworks */ = {isa = PBXBuildFile; fileRef = 83E013262E413150004199F1 /* Foundation.framework */; };
		83E0133E2E413184004199F1 /* UIKit.framework in Frameworks */ = {isa = PBXBuildFile; fileRef = 83E0132D2E41315E004199F1 /* UIKit.framework */; };
		83E0133F2E413184004199F1 /* MetalKit.framework in Frameworks */ = {isa = PBXBuildFile; fileRef = 83E0132B2E413159004199F1 /* MetalKit.framework */; };
		83E013402E413184004199F1 /* Metal.framework in Frameworks */ = {isa = PBXBuildFile; fileRef = 83E013292E413154004199F1 /* Metal.framework */; };
		83E013412E413184004199F1 /* CoreFoundation.framework in Frameworks */ = {isa = PBXBuildFile; fileRef = 83E013252E413150004199F1 /* CoreFoundation.framework */; };
		83E013422E413184004199F1 /* Foundation.framework in Frameworks */ = {isa = PBXBuildFile; fileRef = 83E013262E413150004199F1 /* Foundation.framework */; };
		83E013432E413186004199F1 /* UIKit.framework in Frameworks */ = {isa = PBXBuildFile; fileRef = 83E0132D2E41315E004199F1 /* UIKit.framework */; };
		83E013442E413186004199F1 /* MetalKit.framework in Frameworks */ = {isa = PBXBuildFile; fileRef = 83E0132B2E413159004199F1 /* MetalKit.framework */; };
		83E013452E413186004199F1 /* Metal.framework in Frameworks */ = {isa = PBXBuildFile; fileRef = 83E013292E413154004199F1 /* Metal.framework */; };
		83E013462E413186004199F1 /* CoreFoundation.framework in Frameworks */ = {isa = PBXBuildFile; fileRef = 83E013252E413150004199F1 /* CoreFoundation.framework */; };
		83E013472E413186004199F1 /* Foundation.framework in Frameworks */ = {isa = PBXBuildFile; fileRef = 83E013262E413150004199F1 /* Foundation.framework */; };
		83E013482E413188004199F1 /* UIKit.framework in Frameworks */ = {isa = PBXBuildFile; fileRef = 83E0132D2E41315E004199F1 /* UIKit.framework */; };
		83E013492E413188004199F1 /* MetalKit.framework in Frameworks */ = {isa = PBXBuildFile; fileRef = 83E0132B2E413159004199F1 /* MetalKit.framework */; };
		83E0134A2E413188004199F1 /* Metal.framework in Frameworks */ = {isa = PBXBuildFile; fileRef = 83E013292E413154004199F1 /* Metal.framework */; };
		83E0134B2E413188004199F1 /* CoreFoundation.framework in Frameworks */ = {isa = PBXBuildFile; fileRef = 83E013252E413150004199F1 /* CoreFoundation.framework */; };
		83E0134C2E413188004199F1 /* Foundation.framework in Frameworks */ = {isa = PBXBuildFile; fileRef = 83E013262E413150004199F1 /* Foundation.framework */; };
		83E0134D2E41318A004199F1 /* UIKit.framework in Frameworks */ = {isa = PBXBuildFile; fileRef = 83E0132D2E41315E004199F1 /* UIKit.framework */; };
		83E0134E2E41318A004199F1 /* MetalKit.framework in Frameworks */ = {isa = PBXBuildFile; fileRef = 83E0132B2E413159004199F1 /* MetalKit.framework */; };
		83E0134F2E41318A004199F1 /* Metal.framework in Frameworks */ = {isa = PBXBuildFile; fileRef = 83E013292E413154004199F1 /* Metal.framework */; };
		83E013502E41318A004199F1 /* CoreFoundation.framework in Frameworks */ = {isa = PBXBuildFile; fileRef = 83E013252E413150004199F1 /* CoreFoundation.framework */; };
		83E013512E41318A004199F1 /* Foundation.framework in Frameworks */ = {isa = PBXBuildFile; fileRef = 83E013262E413150004199F1 /* Foundation.framework */; };
		83E013522E41318C004199F1 /* UIKit.framework in Frameworks */ = {isa = PBXBuildFile; fileRef = 83E0132D2E41315E004199F1 /* UIKit.framework */; };
		83E013532E41318C004199F1 /* MetalKit.framework in Frameworks */ = {isa = PBXBuildFile; fileRef = 83E0132B2E413159004199F1 /* MetalKit.framework */; };
		83E013542E41318C004199F1 /* Metal.framework in Frameworks */ = {isa = PBXBuildFile; fileRef = 83E013292E413154004199F1 /* Metal.framework */; };
		83E013552E41318C004199F1 /* CoreFoundation.framework in Frameworks */ = {isa = PBXBuildFile; fileRef = 83E013252E413150004199F1 /* CoreFoundation.framework */; };
		83E013562E41318C004199F1 /* Foundation.framework in Frameworks */ = {isa = PBXBuildFile; fileRef = 83E013262E413150004199F1 /* Foundation.framework */; };
		83E013572E41318E004199F1 /* UIKit.framework in Frameworks */ = {isa = PBXBuildFile; fileRef = 83E0132D2E41315E004199F1 /* UIKit.framework */; };
		83E013582E41318E004199F1 /* MetalKit.framework in Frameworks */ = {isa = PBXBuildFile; fileRef = 83E0132B2E413159004199F1 /* MetalKit.framework */; };
		83E013592E41318E004199F1 /* Metal.framework in Frameworks */ = {isa = PBXBuildFile; fileRef = 83E013292E413154004199F1 /* Metal.framework */; };
		83E0135A2E41318E004199F1 /* CoreFoundation.framework in Frameworks */ = {isa = PBXBuildFile; fileRef = 83E013252E413150004199F1 /* CoreFoundation.framework */; };
		83E0135B2E41318E004199F1 /* Foundation.framework in Frameworks */ = {isa = PBXBuildFile; fileRef = 83E013262E413150004199F1 /* Foundation.framework */; };
		83E0135C2E413190004199F1 /* UIKit.framework in Frameworks */ = {isa = PBXBuildFile; fileRef = 83E0132D2E41315E004199F1 /* UIKit.framework */; };
		83E0135D2E413190004199F1 /* MetalKit.framework in Frameworks */ = {isa = PBXBuildFile; fileRef = 83E0132B2E413159004199F1 /* MetalKit.framework */; };
		83E0135E2E413190004199F1 /* Metal.framework in Frameworks */ = {isa = PBXBuildFile; fileRef = 83E013292E413154004199F1 /* Metal.framework */; };
		83E0135F2E413190004199F1 /* CoreFoundation.framework in Frameworks */ = {isa = PBXBuildFile; fileRef = 83E013252E413150004199F1 /* CoreFoundation.framework */; };
		83E013602E413190004199F1 /* Foundation.framework in Frameworks */ = {isa = PBXBuildFile; fileRef = 83E013262E413150004199F1 /* Foundation.framework */; };
/* End PBXBuildFile section */

/* Begin PBXFileReference section */
		40B3313227F3B7150029F74E /* README.md */ = {isa = PBXFileReference; lastKnownFileType = net.daringfireball.markdown; path = README.md; sourceTree = "<group>"; };
		71A9C09227349E3000932563 /* 00-window.cpp */ = {isa = PBXFileReference; fileEncoding = 4; lastKnownFileType = sourcecode.cpp.cpp; path = "00-window.cpp"; sourceTree = "<group>"; };
		71A9C0A927349EB500932563 /* 01-primitive.cpp */ = {isa = PBXFileReference; fileEncoding = 4; lastKnownFileType = sourcecode.cpp.cpp; path = "01-primitive.cpp"; sourceTree = "<group>"; };
		71A9C0C22734A00900932563 /* 02-argbuffers.cpp */ = {isa = PBXFileReference; fileEncoding = 4; lastKnownFileType = sourcecode.cpp.cpp; path = "02-argbuffers.cpp"; sourceTree = "<group>"; };
		71A9C0DB2734A0B800932563 /* 03-animation.cpp */ = {isa = PBXFileReference; fileEncoding = 4; lastKnownFileType = sourcecode.cpp.cpp; path = "03-animation.cpp"; sourceTree = "<group>"; };
		71A9C0F42734A12500932563 /* 04-instancing.cpp */ = {isa = PBXFileReference; fileEncoding = 4; lastKnownFileType = sourcecode.cpp.cpp; path = "04-instancing.cpp"; sourceTree = "<group>"; };
		71A9C10D2734A18F00932563 /* 05-perspective.cpp */ = {isa = PBXFileReference; fileEncoding = 4; lastKnownFileType = sourcecode.cpp.cpp; path = "05-perspective.cpp"; sourceTree = "<group>"; };
		71A9C1262734A21F00932563 /* 06-lighting.cpp */ = {isa = PBXFileReference; fileEncoding = 4; lastKnownFileType = sourcecode.cpp.cpp; path = "06-lighting.cpp"; sourceTree = "<group>"; };
		71A9C13F2734A2B900932563 /* 07-texturing.cpp */ = {isa = PBXFileReference; fileEncoding = 4; lastKnownFileType = sourcecode.cpp.cpp; path = "07-texturing.cpp"; sourceTree = "<group>"; };
		71A9C1582734A30B00932563 /* 08-compute.cpp */ = {isa = PBXFileReference; fileEncoding = 4; lastKnownFileType = sourcecode.cpp.cpp; path = "08-compute.cpp"; sourceTree = "<group>"; };
		71A9C1712734A39300932563 /* 09-compute-to-render.cpp */ = {isa = PBXFileReference; fileEncoding = 4; lastKnownFileType = sourcecode.cpp.cpp; path = "09-compute-to-render.cpp"; sourceTree = "<group>"; };
		71A9C18A2734A42900932563 /* 10-frame-debugging.cpp */ = {isa = PBXFileReference; fileEncoding = 4; lastKnownFileType = sourcecode.cpp.cpp; path = "10-frame-debugging.cpp"; sourceTree = "<group>"; };
		71A9C18B2734A42900932563 /* Info.plist */ = {isa = PBXFileReference; fileEncoding = 4; lastKnownFileType = text.plist.xml; path = Info.plist; sourceTree = "<group>"; };
		72CBBD399B025FAB0CA05C0D /* SampleCode.xcconfig */ = {isa = PBXFileReference; lastKnownFileType = text.xcconfig; name = SampleCode.xcconfig; path = Configuration/SampleCode.xcconfig; sourceTree = "<group>"; };
		83ABBB082A12C72F00763796 /* Window.app */ = {isa = PBXFileReference; explicitFileType = wrapper.application; includeInIndex = 0; path = Window.app; sourceTree = BUILT_PRODUCTS_DIR; };
		83ABBB162A12C73000763796 /* Assets.xcassets */ = {isa = PBXFileReference; lastKnownFileType = folder.assetcatalog; path = Assets.xcassets; sourceTree = "<group>"; };
		83ABBB192A12C73000763796 /* Base */ = {isa = PBXFileReference; lastKnownFileType = file.storyboard; name = Base; path = Base.lproj/LaunchScreen.storyboard; sourceTree = "<group>"; };
		83ABBB2E2A12EFC300763796 /* Primitive.app */ = {isa = PBXFileReference; explicitFileType = wrapper.application; includeInIndex = 0; path = Primitive.app; sourceTree = BUILT_PRODUCTS_DIR; };
		83ABBB502A12F21600763796 /* Arg Buffers.app */ = {isa = PBXFileReference; explicitFileType = wrapper.application; includeInIndex = 0; path = "Arg Buffers.app"; sourceTree = BUILT_PRODUCTS_DIR; };
		83ABBB722A12FBE200763796 /* Animation.app */ = {isa = PBXFileReference; explicitFileType = wrapper.application; includeInIndex = 0; path = Animation.app; sourceTree = BUILT_PRODUCTS_DIR; };
		83ABBB942A12FCB700763796 /* Instancing.app */ = {isa = PBXFileReference; explicitFileType = wrapper.application; includeInIndex = 0; path = Instancing.app; sourceTree = BUILT_PRODUCTS_DIR; };
		83ABBBB62A12FDDA00763796 /* Perspective.app */ = {isa = PBXFileReference; explicitFileType = wrapper.application; includeInIndex = 0; path = Perspective.app; sourceTree = BUILT_PRODUCTS_DIR; };
		83ABBBD82A13011700763796 /* Lighting.app */ = {isa = PBXFileReference; explicitFileType = wrapper.application; includeInIndex = 0; path = Lighting.app; sourceTree = BUILT_PRODUCTS_DIR; };
		83ABBBFA2A13031100763796 /* Texturing.app */ = {isa = PBXFileReference; explicitFileType = wrapper.application; includeInIndex = 0; path = Texturing.app; sourceTree = BUILT_PRODUCTS_DIR; };
		83ABBC1D2A13049600763796 /* Compute.app */ = {isa = PBXFileReference; explicitFileType = wrapper.application; includeInIndex = 0; path = Compute.app; sourceTree = BUILT_PRODUCTS_DIR; };
		83ABBC3F2A1305C500763796 /* Compute Render.app */ = {isa = PBXFileReference; explicitFileType = wrapper.application; includeInIndex = 0; path = "Compute Render.app"; sourceTree = BUILT_PRODUCTS_DIR; };
		83ABBC612A1306FB00763796 /* Debugging.app */ = {isa = PBXFileReference; explicitFileType = wrapper.application; includeInIndex = 0; path = Debugging.app; sourceTree = BUILT_PRODUCTS_DIR; };
		83E013252E413150004199F1 /* CoreFoundation.framework */ = {isa = PBXFileReference; lastKnownFileType = wrapper.framework; name = CoreFoundation.framework; path = Platforms/iPhoneOS.platform/Developer/SDKs/iPhoneOS18.5.sdk/System/Library/Frameworks/CoreFoundation.framework; sourceTree = DEVELOPER_DIR; };
		83E013262E413150004199F1 /* Foundation.framework */ = {isa = PBXFileReference; lastKnownFileType = wrapper.framework; name = Foundation.framework; path = Platforms/iPhoneOS.platform/Developer/SDKs/iPhoneOS18.5.sdk/System/Library/Frameworks/Foundation.framework; sourceTree = DEVELOPER_DIR; };
		83E013292E413154004199F1 /* Metal.framework */ = {isa = PBXFileReference; lastKnownFileType = wrapper.framework; name = Metal.framework; path = Platforms/iPhoneOS.platform/Developer/SDKs/iPhoneOS18.5.sdk/System/Library/Frameworks/Metal.framework; sourceTree = DEVELOPER_DIR; };
		83E0132B2E413159004199F1 /* MetalKit.framework */ = {isa = PBXFileReference; lastKnownFileType = wrapper.framework; name = MetalKit.framework; path = Platforms/iPhoneOS.platform/Developer/SDKs/iPhoneOS18.5.sdk/System/Library/Frameworks/MetalKit.framework; sourceTree = DEVELOPER_DIR; };
		83E0132D2E41315E004199F1 /* UIKit.framework */ = {isa = PBXFileReference; lastKnownFileType = wrapper.framework; name = UIKit.framework; path = Platforms/iPhoneOS.platform/Developer/SDKs/iPhoneOS18.5.sdk/System/Library/Frameworks/UIKit.framework; sourceTree = DEVELOPER_DIR; };
/* End PBXFileReference section */

/* Begin PBXFrameworksBuildPhase section */
		83ABBB052A12C72F00763796 /* Frameworks */ = {
			isa = PBXFrameworksBuildPhase;
			buildActionMask = 2147483647;
			files = (
				83E0132E2E41315E004199F1 /* UIKit.framework in Frameworks */,
				83E0132C2E413159004199F1 /* MetalKit.framework in Frameworks */,
				83E0132A2E413154004199F1 /* Metal.framework in Frameworks */,
				83E013272E413150004199F1 /* CoreFoundation.framework in Frameworks */,
				83E013282E413150004199F1 /* Foundation.framework in Frameworks */,
			);
			runOnlyForDeploymentPostprocessing = 0;
		};
		83ABBB2B2A12EFC300763796 /* Frameworks */ = {
			isa = PBXFrameworksBuildPhase;
			buildActionMask = 2147483647;
			files = (
				83E0132F2E41317C004199F1 /* UIKit.framework in Frameworks */,
				83E013302E41317C004199F1 /* MetalKit.framework in Frameworks */,
				83E013312E41317C004199F1 /* Metal.framework in Frameworks */,
				83E013322E41317C004199F1 /* CoreFoundation.framework in Frameworks */,
				83E013332E41317C004199F1 /* Foundation.framework in Frameworks */,
			);
			runOnlyForDeploymentPostprocessing = 0;
		};
		83ABBB4D2A12F21600763796 /* Frameworks */ = {
			isa = PBXFrameworksBuildPhase;
			buildActionMask = 2147483647;
			files = (
				83E013342E413180004199F1 /* UIKit.framework in Frameworks */,
				83E013352E413180004199F1 /* MetalKit.framework in Frameworks */,
				83E013362E413180004199F1 /* Metal.framework in Frameworks */,
				83E013372E413180004199F1 /* CoreFoundation.framework in Frameworks */,
				83E013382E413180004199F1 /* Foundation.framework in Frameworks */,
			);
			runOnlyForDeploymentPostprocessing = 0;
		};
		83ABBB6F2A12FBE200763796 /* Frameworks */ = {
			isa = PBXFrameworksBuildPhase;
			buildActionMask = 2147483647;
			files = (
				83E013392E413182004199F1 /* UIKit.framework in Frameworks */,
				83E0133A2E413182004199F1 /* MetalKit.framework in Frameworks */,
				83E0133B2E413182004199F1 /* Metal.framework in Frameworks */,
				83E0133C2E413182004199F1 /* CoreFoundation.framework in Frameworks */,
				83E0133D2E413182004199F1 /* Foundation.framework in Frameworks */,
			);
			runOnlyForDeploymentPostprocessing = 0;
		};
		83ABBB912A12FCB600763796 /* Frameworks */ = {
			isa = PBXFrameworksBuildPhase;
			buildActionMask = 2147483647;
			files = (
				83E0133E2E413184004199F1 /* UIKit.framework in Frameworks */,
				83E0133F2E413184004199F1 /* MetalKit.framework in Frameworks */,
				83E013402E413184004199F1 /* Metal.framework in Frameworks */,
				83E013412E413184004199F1 /* CoreFoundation.framework in Frameworks */,
				83E013422E413184004199F1 /* Foundation.framework in Frameworks */,
			);
			runOnlyForDeploymentPostprocessing = 0;
		};
		83ABBBB32A12FDDA00763796 /* Frameworks */ = {
			isa = PBXFrameworksBuildPhase;
			buildActionMask = 2147483647;
			files = (
				83E013432E413186004199F1 /* UIKit.framework in Frameworks */,
				83E013442E413186004199F1 /* MetalKit.framework in Frameworks */,
				83E013452E413186004199F1 /* Metal.framework in Frameworks */,
				83E013462E413186004199F1 /* CoreFoundation.framework in Frameworks */,
				83E013472E413186004199F1 /* Foundation.framework in Frameworks */,
			);
			runOnlyForDeploymentPostprocessing = 0;
		};
		83ABBBD52A13011700763796 /* Frameworks */ = {
			isa = PBXFrameworksBuildPhase;
			buildActionMask = 2147483647;
			files = (
				83E013482E413188004199F1 /* UIKit.framework in Frameworks */,
				83E013492E413188004199F1 /* MetalKit.framework in Frameworks */,
				83E0134A2E413188004199F1 /* Metal.framework in Frameworks */,
				83E0134B2E413188004199F1 /* CoreFoundation.framework in Frameworks */,
				83E0134C2E413188004199F1 /* Foundation.framework in Frameworks */,
			);
			runOnlyForDeploymentPostprocessing = 0;
		};
		83ABBBF72A13031100763796 /* Frameworks */ = {
			isa = PBXFrameworksBuildPhase;
			buildActionMask = 2147483647;
			files = (
				83E0134D2E41318A004199F1 /* UIKit.framework in Frameworks */,
				83E0134E2E41318A004199F1 /* MetalKit.framework in Frameworks */,
				83E0134F2E41318A004199F1 /* Metal.framework in Frameworks */,
				83E013502E41318A004199F1 /* CoreFoundation.framework in Frameworks */,
				83E013512E41318A004199F1 /* Foundation.framework in Frameworks */,
			);
			runOnlyForDeploymentPostprocessing = 0;
		};
		83ABBC1A2A13049600763796 /* Frameworks */ = {
			isa = PBXFrameworksBuildPhase;
			buildActionMask = 2147483647;
			files = (
				83E013522E41318C004199F1 /* UIKit.framework in Frameworks */,
				83E013532E41318C004199F1 /* MetalKit.framework in Frameworks */,
				83E013542E41318C004199F1 /* Metal.framework in Frameworks */,
				83E013552E41318C004199F1 /* CoreFoundation.framework in Frameworks */,
				83E013562E41318C004199F1 /* Foundation.framework in Frameworks */,
			);
			runOnlyForDeploymentPostprocessing = 0;
		};
		83ABBC3C2A1305C500763796 /* Frameworks */ = {
			isa = PBXFrameworksBuildPhase;
			buildActionMask = 2147483647;
			files = (
				83E013572E41318E004199F1 /* UIKit.framework in Frameworks */,
				83E013582E41318E004199F1 /* MetalKit.framework in Frameworks */,
				83E013592E41318E004199F1 /* Metal.framework in Frameworks */,
				83E0135A2E41318E004199F1 /* CoreFoundation.framework in Frameworks */,
				83E0135B2E41318E004199F1 /* Foundation.framework in Frameworks */,
			);
			runOnlyForDeploymentPostprocessing = 0;
		};
		83ABBC5E2A1306FB00763796 /* Frameworks */ = {
			isa = PBXFrameworksBuildPhase;
			buildActionMask = 2147483647;
			files = (
				83E0135C2E413190004199F1 /* UIKit.framework in Frameworks */,
				83E0135D2E413190004199F1 /* MetalKit.framework in Frameworks */,
				83E0135E2E413190004199F1 /* Metal.framework in Frameworks */,
				83E0135F2E413190004199F1 /* CoreFoundation.framework in Frameworks */,
				83E013602E413190004199F1 /* Foundation.framework in Frameworks */,
			);
			runOnlyForDeploymentPostprocessing = 0;
		};
/* End PBXFrameworksBuildPhase section */

/* Begin PBXGroup section */
		40B3313127F3B63B0029F74E /* learn-metal */ = {
			isa = PBXGroup;
			children = (
				71A9C09127349E3000932563 /* 00-window */,
				71A9C0A827349EB500932563 /* 01-primitive */,
				71A9C0C12734A00900932563 /* 02-argbuffers */,
				71A9C0DA2734A0B800932563 /* 03-animation */,
				71A9C0F32734A12500932563 /* 04-instancing */,
				71A9C10C2734A18F00932563 /* 05-perspective */,
				71A9C1252734A21F00932563 /* 06-lighting */,
				71A9C13E2734A2B900932563 /* 07-texturing */,
				71A9C1572734A30B00932563 /* 08-compute */,
				71A9C1702734A39300932563 /* 09-compute-to-render */,
				71A9C1892734A42900932563 /* 10-frame-debugging */,
				83ABBB092A12C72F00763796 /* ios-shared */,
			);
			path = "learn-metal";
			sourceTree = "<group>";
		};
		71A9C05627349B9000932563 = {
			isa = PBXGroup;
			children = (
				40B3313227F3B7150029F74E /* README.md */,
				40B3313127F3B63B0029F74E /* learn-metal */,
				71A9C06027349B9000932563 /* Products */,
				71A9C07427349D4100932563 /* Frameworks */,
				7AEFB0BFB35CB540726CA917 /* Configuration */,
			);
			sourceTree = "<group>";
		};
		71A9C06027349B9000932563 /* Products */ = {
			isa = PBXGroup;
			children = (
				83ABBB082A12C72F00763796 /* Window.app */,
				83ABBB2E2A12EFC300763796 /* Primitive.app */,
				83ABBB502A12F21600763796 /* Arg Buffers.app */,
				83ABBB722A12FBE200763796 /* Animation.app */,
				83ABBB942A12FCB700763796 /* Instancing.app */,
				83ABBBB62A12FDDA00763796 /* Perspective.app */,
				83ABBBD82A13011700763796 /* Lighting.app */,
				83ABBBFA2A13031100763796 /* Texturing.app */,
				83ABBC1D2A13049600763796 /* Compute.app */,
				83ABBC3F2A1305C500763796 /* Compute Render.app */,
				83ABBC612A1306FB00763796 /* Debugging.app */,
			);
			name = Products;
			sourceTree = "<group>";
		};
		71A9C07427349D4100932563 /* Frameworks */ = {
			isa = PBXGroup;
			children = (
				83E0132D2E41315E004199F1 /* UIKit.framework */,
				83E0132B2E413159004199F1 /* MetalKit.framework */,
				83E013292E413154004199F1 /* Metal.framework */,
				83E013252E413150004199F1 /* CoreFoundation.framework */,
				83E013262E413150004199F1 /* Foundation.framework */,
			);
			name = Frameworks;
			sourceTree = "<group>";
		};
		71A9C09127349E3000932563 /* 00-window */ = {
			isa = PBXGroup;
			children = (
				71A9C09227349E3000932563 /* 00-window.cpp */,
			);
			path = "00-window";
			sourceTree = "<group>";
		};
		71A9C0A827349EB500932563 /* 01-primitive */ = {
			isa = PBXGroup;
			children = (
				71A9C0A927349EB500932563 /* 01-primitive.cpp */,
			);
			path = "01-primitive";
			sourceTree = "<group>";
		};
		71A9C0C12734A00900932563 /* 02-argbuffers */ = {
			isa = PBXGroup;
			children = (
				71A9C0C22734A00900932563 /* 02-argbuffers.cpp */,
			);
			path = "02-argbuffers";
			sourceTree = "<group>";
		};
		71A9C0DA2734A0B800932563 /* 03-animation */ = {
			isa = PBXGroup;
			children = (
				71A9C0DB2734A0B800932563 /* 03-animation.cpp */,
			);
			path = "03-animation";
			sourceTree = "<group>";
		};
		71A9C0F32734A12500932563 /* 04-instancing */ = {
			isa = PBXGroup;
			children = (
				71A9C0F42734A12500932563 /* 04-instancing.cpp */,
			);
			path = "04-instancing";
			sourceTree = "<group>";
		};
		71A9C10C2734A18F00932563 /* 05-perspective */ = {
			isa = PBXGroup;
			children = (
				71A9C10D2734A18F00932563 /* 05-perspective.cpp */,
			);
			path = "05-perspective";
			sourceTree = "<group>";
		};
		71A9C1252734A21F00932563 /* 06-lighting */ = {
			isa = PBXGroup;
			children = (
				71A9C1262734A21F00932563 /* 06-lighting.cpp */,
			);
			path = "06-lighting";
			sourceTree = "<group>";
		};
		71A9C13E2734A2B900932563 /* 07-texturing */ = {
			isa = PBXGroup;
			children = (
				71A9C13F2734A2B900932563 /* 07-texturing.cpp */,
			);
			path = "07-texturing";
			sourceTree = "<group>";
		};
		71A9C1572734A30B00932563 /* 08-compute */ = {
			isa = PBXGroup;
			children = (
				71A9C1582734A30B00932563 /* 08-compute.cpp */,
			);
			path = "08-compute";
			sourceTree = "<group>";
		};
		71A9C1702734A39300932563 /* 09-compute-to-render */ = {
			isa = PBXGroup;
			children = (
				71A9C1712734A39300932563 /* 09-compute-to-render.cpp */,
			);
			path = "09-compute-to-render";
			sourceTree = "<group>";
		};
		71A9C1892734A42900932563 /* 10-frame-debugging */ = {
			isa = PBXGroup;
			children = (
				71A9C18A2734A42900932563 /* 10-frame-debugging.cpp */,
			);
			path = "10-frame-debugging";
			sourceTree = "<group>";
		};
		7AEFB0BFB35CB540726CA917 /* Configuration */ = {
			isa = PBXGroup;
			children = (
				72CBBD399B025FAB0CA05C0D /* SampleCode.xcconfig */,
			);
			name = Configuration;
			sourceTree = "<group>";
		};
		83ABBB092A12C72F00763796 /* ios-shared */ = {
			isa = PBXGroup;
			children = (
				71A9C18B2734A42900932563 /* Info.plist */,
				83ABBB162A12C73000763796 /* Assets.xcassets */,
				83ABBB182A12C73000763796 /* LaunchScreen.storyboard */,
			);
			path = "ios-shared";
			sourceTree = "<group>";
		};
/* End PBXGroup section */

/* Begin PBXNativeTarget section */
		83ABBB072A12C72F00763796 /* 00-window */ = {
			isa = PBXNativeTarget;
			buildConfigurationList = 83ABBB1E2A12C73000763796 /* Build configuration list for PBXNativeTarget "00-window" */;
			buildPhases = (
				83ABBB042A12C72F00763796 /* Sources */,
				83ABBB052A12C72F00763796 /* Frameworks */,
				83ABBB062A12C72F00763796 /* Resources */,
			);
			buildRules = (
			);
			dependencies = (
			);
			name = "00-window";
			productName = "00-window";
			productReference = 83ABBB082A12C72F00763796 /* Window.app */;
			productType = "com.apple.product-type.application";
		};
		83ABBB2D2A12EFC300763796 /* 01-primitive */ = {
			isa = PBXNativeTarget;
			buildConfigurationList = 83ABBB442A12EFC400763796 /* Build configuration list for PBXNativeTarget "01-primitive" */;
			buildPhases = (
				83ABBB2A2A12EFC300763796 /* Sources */,
				83ABBB2B2A12EFC300763796 /* Frameworks */,
				83ABBB2C2A12EFC300763796 /* Resources */,
			);
			buildRules = (
			);
			dependencies = (
			);
			name = "01-primitive";
			productName = "01-primitive";
			productReference = 83ABBB2E2A12EFC300763796 /* Primitive.app */;
			productType = "com.apple.product-type.application";
		};
		83ABBB4F2A12F21600763796 /* 02-argbuffers */ = {
			isa = PBXNativeTarget;
			buildConfigurationList = 83ABBB662A12F21700763796 /* Build configuration list for PBXNativeTarget "02-argbuffers" */;
			buildPhases = (
				83ABBB4C2A12F21600763796 /* Sources */,
				83ABBB4D2A12F21600763796 /* Frameworks */,
				83ABBB4E2A12F21600763796 /* Resources */,
			);
			buildRules = (
			);
			dependencies = (
			);
			name = "02-argbuffers";
			productName = "02-argbuffers";
			productReference = 83ABBB502A12F21600763796 /* Arg Buffers.app */;
			productType = "com.apple.product-type.application";
		};
		83ABBB712A12FBE200763796 /* 03-animation */ = {
			isa = PBXNativeTarget;
			buildConfigurationList = 83ABBB882A12FBE300763796 /* Build configuration list for PBXNativeTarget "03-animation" */;
			buildPhases = (
				83ABBB6E2A12FBE200763796 /* Sources */,
				83ABBB6F2A12FBE200763796 /* Frameworks */,
				83ABBB702A12FBE200763796 /* Resources */,
			);
			buildRules = (
			);
			dependencies = (
			);
			name = "03-animation";
			productName = "03-animation";
			productReference = 83ABBB722A12FBE200763796 /* Animation.app */;
			productType = "com.apple.product-type.application";
		};
		83ABBB932A12FCB600763796 /* 04-instancing */ = {
			isa = PBXNativeTarget;
			buildConfigurationList = 83ABBBAA2A12FCB800763796 /* Build configuration list for PBXNativeTarget "04-instancing" */;
			buildPhases = (
				83ABBB902A12FCB600763796 /* Sources */,
				83ABBB912A12FCB600763796 /* Frameworks */,
				83ABBB922A12FCB600763796 /* Resources */,
			);
			buildRules = (
			);
			dependencies = (
			);
			name = "04-instancing";
			productName = "04-instancing";
			productReference = 83ABBB942A12FCB700763796 /* Instancing.app */;
			productType = "com.apple.product-type.application";
		};
		83ABBBB52A12FDDA00763796 /* 05-perspective */ = {
			isa = PBXNativeTarget;
			buildConfigurationList = 83ABBBCC2A12FDDB00763796 /* Build configuration list for PBXNativeTarget "05-perspective" */;
			buildPhases = (
				83ABBBB22A12FDDA00763796 /* Sources */,
				83ABBBB32A12FDDA00763796 /* Frameworks */,
				83ABBBB42A12FDDA00763796 /* Resources */,
			);
			buildRules = (
			);
			dependencies = (
			);
			name = "05-perspective";
			productName = "05-perspective";
			productReference = 83ABBBB62A12FDDA00763796 /* Perspective.app */;
			productType = "com.apple.product-type.application";
		};
		83ABBBD72A13011700763796 /* 06-lighting */ = {
			isa = PBXNativeTarget;
			buildConfigurationList = 83ABBBEE2A13011800763796 /* Build configuration list for PBXNativeTarget "06-lighting" */;
			buildPhases = (
				83ABBBD42A13011700763796 /* Sources */,
				83ABBBD52A13011700763796 /* Frameworks */,
				83ABBBD62A13011700763796 /* Resources */,
			);
			buildRules = (
			);
			dependencies = (
			);
			name = "06-lighting";
			productName = "06-lighting";
			productReference = 83ABBBD82A13011700763796 /* Lighting.app */;
			productType = "com.apple.product-type.application";
		};
		83ABBBF92A13031100763796 /* 07-texturing */ = {
			isa = PBXNativeTarget;
			buildConfigurationList = 83ABBC102A13031200763796 /* Build configuration list for PBXNativeTarget "07-texturing" */;
			buildPhases = (
				83ABBBF62A13031100763796 /* Sources */,
				83ABBBF72A13031100763796 /* Frameworks */,
				83ABBBF82A13031100763796 /* Resources */,
			);
			buildRules = (
			);
			dependencies = (
			);
			name = "07-texturing";
			productName = "07-texturing";
			productReference = 83ABBBFA2A13031100763796 /* Texturing.app */;
			productType = "com.apple.product-type.application";
		};
		83ABBC1C2A13049600763796 /* 08-compute */ = {
			isa = PBXNativeTarget;
			buildConfigurationList = 83ABBC332A13049700763796 /* Build configuration list for PBXNativeTarget "08-compute" */;
			buildPhases = (
				83ABBC192A13049600763796 /* Sources */,
				83ABBC1A2A13049600763796 /* Frameworks */,
				83ABBC1B2A13049600763796 /* Resources */,
			);
			buildRules = (
			);
			dependencies = (
			);
			name = "08-compute";
			productName = "08-compute";
			productReference = 83ABBC1D2A13049600763796 /* Compute.app */;
			productType = "com.apple.product-type.application";
		};
		83ABBC3E2A1305C500763796 /* 09-compute-to-render */ = {
			isa = PBXNativeTarget;
			buildConfigurationList = 83ABBC552A1305C600763796 /* Build configuration list for PBXNativeTarget "09-compute-to-render" */;
			buildPhases = (
				83ABBC3B2A1305C500763796 /* Sources */,
				83ABBC3C2A1305C500763796 /* Frameworks */,
				83ABBC3D2A1305C500763796 /* Resources */,
			);
			buildRules = (
			);
			dependencies = (
			);
			name = "09-compute-to-render";
			productName = "09-compute-to-render";
			productReference = 83ABBC3F2A1305C500763796 /* Compute Render.app */;
			productType = "com.apple.product-type.application";
		};
		83ABBC602A1306FB00763796 /* 10-frame-debugging */ = {
			isa = PBXNativeTarget;
			buildConfigurationList = 83ABBC772A1306FC00763796 /* Build configuration list for PBXNativeTarget "10-frame-debugging" */;
			buildPhases = (
				83ABBC5D2A1306FB00763796 /* Sources */,
				83ABBC5E2A1306FB00763796 /* Frameworks */,
				83ABBC5F2A1306FB00763796 /* Resources */,
			);
			buildRules = (
			);
			dependencies = (
			);
			name = "10-frame-debugging";
			productName = "10-frame-debugging";
			productReference = 83ABBC612A1306FB00763796 /* Debugging.app */;
			productType = "com.apple.product-type.application";
		};
/* End PBXNativeTarget section */

/* Begin PBXProject section */
		71A9C05727349B9000932563 /* Project object */ = {
			isa = PBXProject;
			attributes = {
				BuildIndependentTargetsInParallel = 1;
				LastUpgradeCheck = 1430;
				ORGANIZATIONNAME = Apple;
				TargetAttributes = {
					83ABBB072A12C72F00763796 = {
						CreatedOnToolsVersion = 14.3;
					};
					83ABBB2D2A12EFC300763796 = {
						CreatedOnToolsVersion = 14.3;
					};
					83ABBB4F2A12F21600763796 = {
						CreatedOnToolsVersion = 14.3;
					};
					83ABBB712A12FBE200763796 = {
						CreatedOnToolsVersion = 14.3;
					};
					83ABBB932A12FCB600763796 = {
						CreatedOnToolsVersion = 14.3;
					};
					83ABBBB52A12FDDA00763796 = {
						CreatedOnToolsVersion = 14.3;
					};
					83ABBBD72A13011700763796 = {
						CreatedOnToolsVersion = 14.3;
					};
					83ABBBF92A13031100763796 = {
						CreatedOnToolsVersion = 14.3;
					};
					83ABBC1C2A13049600763796 = {
						CreatedOnToolsVersion = 14.3;
					};
					83ABBC3E2A1305C500763796 = {
						CreatedOnToolsVersion = 14.3;
					};
					83ABBC602A1306FB00763796 = {
						CreatedOnToolsVersion = 14.3;
					};
				};
			};
			buildConfigurationList = 71A9C05A27349B9000932563 /* Build configuration list for PBXProject "LearnMetalCPP" */;
			compatibilityVersion = "Xcode 13.0";
			developmentRegion = en;
			hasScannedForEncodings = 0;
			knownRegions = (
				en,
				Base,
			);
			mainGroup = 71A9C05627349B9000932563;
			productRefGroup = 71A9C06027349B9000932563 /* Products */;
			projectDirPath = "";
			projectRoot = "";
			targets = (
				83ABBB072A12C72F00763796 /* 00-window */,
				83ABBB2D2A12EFC300763796 /* 01-primitive */,
				83ABBB4F2A12F21600763796 /* 02-argbuffers */,
				83ABBB712A12FBE200763796 /* 03-animation */,
				83ABBB932A12FCB600763796 /* 04-instancing */,
				83ABBBB52A12FDDA00763796 /* 05-perspective */,
				83ABBBD72A13011700763796 /* 06-lighting */,
				83ABBBF92A13031100763796 /* 07-texturing */,
				83ABBC1C2A13049600763796 /* 08-compute */,
				83ABBC3E2A1305C500763796 /* 09-compute-to-render */,
				83ABBC602A1306FB00763796 /* 10-frame-debugging */,
			);
		};
/* End PBXProject section */

/* Begin PBXResourcesBuildPhase section */
		83ABBB062A12C72F00763796 /* Resources */ = {
			isa = PBXResourcesBuildPhase;
			buildActionMask = 2147483647;
			files = (
				83ABBB1A2A12C73000763796 /* LaunchScreen.storyboard in Resources */,
				83ABBB172A12C73000763796 /* Assets.xcassets in Resources */,
			);
			runOnlyForDeploymentPostprocessing = 0;
		};
		83ABBB2C2A12EFC300763796 /* Resources */ = {
			isa = PBXResourcesBuildPhase;
			buildActionMask = 2147483647;
			files = (
			);
			runOnlyForDeploymentPostprocessing = 0;
		};
		83ABBB4E2A12F21600763796 /* Resources */ = {
			isa = PBXResourcesBuildPhase;
			buildActionMask = 2147483647;
			files = (
			);
			runOnlyForDeploymentPostprocessing = 0;
		};
		83ABBB702A12FBE200763796 /* Resources */ = {
			isa = PBXResourcesBuildPhase;
			buildActionMask = 2147483647;
			files = (
			);
			runOnlyForDeploymentPostprocessing = 0;
		};
		83ABBB922A12FCB600763796 /* Resources */ = {
			isa = PBXResourcesBuildPhase;
			buildActionMask = 2147483647;
			files = (
			);
			runOnlyForDeploymentPostprocessing = 0;
		};
		83ABBBB42A12FDDA00763796 /* Resources */ = {
			isa = PBXResourcesBuildPhase;
			buildActionMask = 2147483647;
			files = (
			);
			runOnlyForDeploymentPostprocessing = 0;
		};
		83ABBBD62A13011700763796 /* Resources */ = {
			isa = PBXResourcesBuildPhase;
			buildActionMask = 2147483647;
			files = (
			);
			runOnlyForDeploymentPostprocessing = 0;
		};
		83ABBBF82A13031100763796 /* Resources */ = {
			isa = PBXResourcesBuildPhase;
			buildActionMask = 2147483647;
			files = (
			);
			runOnlyForDeploymentPostprocessing = 0;
		};
		83ABBC1B2A13049600763796 /* Resources */ = {
			isa = PBXResourcesBuildPhase;
			buildActionMask = 2147483647;
			files = (
			);
			runOnlyForDeploymentPostprocessing = 0;
		};
		83ABBC3D2A1305C500763796 /* Resources */ = {
			isa = PBXResourcesBuildPhase;
			buildActionMask = 2147483647;
			files = (
			);
			runOnlyForDeploymentPostprocessing = 0;
		};
		83ABBC5F2A1306FB00763796 /* Resources */ = {
			isa = PBXResourcesBuildPhase;
			buildActionMask = 2147483647;
			files = (
			);
			runOnlyForDeploymentPostprocessing = 0;
		};
/* End PBXResourcesBuildPhase section */

/* Begin PBXSourcesBuildPhase section */
		83ABBB042A12C72F00763796 /* Sources */ = {
			isa = PBXSourcesBuildPhase;
			buildActionMask = 2147483647;
			files = (
				83ABBB212A12C73F00763796 /* 00-window.cpp in Sources */,
			);
			runOnlyForDeploymentPostprocessing = 0;
		};
		83ABBB2A2A12EFC300763796 /* Sources */ = {
			isa = PBXSourcesBuildPhase;
			buildActionMask = 2147483647;
			files = (
				83ABBB472A12F0BA00763796 /* 01-primitive.cpp in Sources */,
			);
			runOnlyForDeploymentPostprocessing = 0;
		};
		83ABBB4C2A12F21600763796 /* Sources */ = {
			isa = PBXSourcesBuildPhase;
			buildActionMask = 2147483647;
			files = (
				83ABBB692A12F23600763796 /* 02-argbuffers.cpp in Sources */,
			);
			runOnlyForDeploymentPostprocessing = 0;
		};
		83ABBB6E2A12FBE200763796 /* Sources */ = {
			isa = PBXSourcesBuildPhase;
			buildActionMask = 2147483647;
			files = (
				83ABBB8F2A12FC2700763796 /* 03-animation.cpp in Sources */,
			);
			runOnlyForDeploymentPostprocessing = 0;
		};
		83ABBB902A12FCB600763796 /* Sources */ = {
			isa = PBXSourcesBuildPhase;
			buildActionMask = 2147483647;
			files = (
				83ABBBAD2A12FCF900763796 /* 04-instancing.cpp in Sources */,
			);
			runOnlyForDeploymentPostprocessing = 0;
		};
		83ABBBB22A12FDDA00763796 /* Sources */ = {
			isa = PBXSourcesBuildPhase;
			buildActionMask = 2147483647;
			files = (
				83ABBBD32A12FECF00763796 /* 05-perspective.cpp in Sources */,
			);
			runOnlyForDeploymentPostprocessing = 0;
		};
		83ABBBD42A13011700763796 /* Sources */ = {
			isa = PBXSourcesBuildPhase;
			buildActionMask = 2147483647;
			files = (
				83ABBBF12A13015C00763796 /* 06-lighting.cpp in Sources */,
			);
			runOnlyForDeploymentPostprocessing = 0;
		};
		83ABBBF62A13031100763796 /* Sources */ = {
			isa = PBXSourcesBuildPhase;
			buildActionMask = 2147483647;
			files = (
				83ABBC182A1303A600763796 /* 07-texturing.cpp in Sources */,
			);
			runOnlyForDeploymentPostprocessing = 0;
		};
		83ABBC192A13049600763796 /* Sources */ = {
			isa = PBXSourcesBuildPhase;
			buildActionMask = 2147483647;
			files = (
				83ABBC362A1304EC00763796 /* 08-compute.cpp in Sources */,
			);
			runOnlyForDeploymentPostprocessing = 0;
		};
		83ABBC3B2A1305C500763796 /* Sources */ = {
			isa = PBXSourcesBuildPhase;
			buildActionMask = 2147483647;
			files = (
				83ABBC5C2A1306A600763796 /* 09-compute-to-render.cpp in Sources */,
			);
			runOnlyForDeploymentPostprocessing = 0;
		};
		83ABBC5D2A1306FB00763796 /* Sources */ = {
			isa = PBXSourcesBuildPhase;
			buildActionMask = 2147483647;
			files = (
				83ABBC7E2A13073900763796 /* 10-frame-debugging.cpp in Sources */,
			);
			runOnlyForDeploymentPostprocessing = 0;
		};
/* End PBXSourcesBuildPhase section */

/* Begin PBXVariantGroup section */
		83ABBB182A12C73000763796 /* LaunchScreen.storyboard */ = {
			isa = PBXVariantGroup;
			children = (
				83ABBB192A12C73000763796 /* Base */,
			);
			name = LaunchScreen.storyboard;
			sourceTree = "<group>";
		};
/* End PBXVariantGroup section */

/* Begin XCBuildConfiguration section */
		71A9C06C27349B9100932563 /* Debug */ = {
			isa = XCBuildConfiguration;
			baseConfigurationReference = 72CBBD399B025FAB0CA05C0D /* SampleCode.xcconfig */;
			buildSettings = {
				ALWAYS_SEARCH_USER_PATHS = NO;
				CLANG_ANALYZER_NONNULL = YES;
				CLANG_ANALYZER_NUMBER_OBJECT_CONVERSION = YES_AGGRESSIVE;
				CLANG_CXX_LANGUAGE_STANDARD = "gnu++17";
				CLANG_CXX_LIBRARY = "libc++";
				CLANG_ENABLE_MODULES = YES;
				CLANG_ENABLE_OBJC_ARC = YES;
				CLANG_ENABLE_OBJC_WEAK = YES;
				CLANG_WARN_BLOCK_CAPTURE_AUTORELEASING = YES;
				CLANG_WARN_BOOL_CONVERSION = YES;
				CLANG_WARN_COMMA = YES;
				CLANG_WARN_CONSTANT_CONVERSION = YES;
				CLANG_WARN_DEPRECATED_OBJC_IMPLEMENTATIONS = YES;
				CLANG_WARN_DIRECT_OBJC_ISA_USAGE = YES_ERROR;
				CLANG_WARN_DOCUMENTATION_COMMENTS = YES;
				CLANG_WARN_EMPTY_BODY = YES;
				CLANG_WARN_ENUM_CONVERSION = YES;
				CLANG_WARN_INFINITE_RECURSION = YES;
				CLANG_WARN_INT_CONVERSION = YES;
				CLANG_WARN_NON_LITERAL_NULL_CONVERSION = YES;
				CLANG_WARN_OBJC_IMPLICIT_RETAIN_SELF = YES;
				CLANG_WARN_OBJC_LITERAL_CONVERSION = YES;
				CLANG_WARN_OBJC_ROOT_CLASS = YES_ERROR;
				CLANG_WARN_QUOTED_INCLUDE_IN_FRAMEWORK_HEADER = YES;
				CLANG_WARN_RANGE_LOOP_ANALYSIS = YES;
				CLANG_WARN_STRICT_PROTOTYPES = YES;
				CLANG_WARN_SUSPICIOUS_MOVE = YES;
				CLANG_WARN_UNGUARDED_AVAILABILITY = YES_AGGRESSIVE;
				CLANG_WARN_UNREACHABLE_CODE = YES;
				CLANG_WARN__DUPLICATE_METHOD_MATCH = YES;
				COPY_PHASE_STRIP = NO;
				DEAD_CODE_STRIPPING = YES;
				DEBUG_INFORMATION_FORMAT = dwarf;
				ENABLE_STRICT_OBJC_MSGSEND = YES;
				ENABLE_TESTABILITY = YES;
				GCC_C_LANGUAGE_STANDARD = gnu11;
				GCC_DYNAMIC_NO_PIC = NO;
				GCC_NO_COMMON_BLOCKS = YES;
				GCC_OPTIMIZATION_LEVEL = 0;
				GCC_PREPROCESSOR_DEFINITIONS = (
					"DEBUG=1",
					"$(inherited)",
				);
				GCC_WARN_64_TO_32_BIT_CONVERSION = YES;
				GCC_WARN_ABOUT_RETURN_TYPE = YES_ERROR;
				GCC_WARN_UNDECLARED_SELECTOR = YES;
				GCC_WARN_UNINITIALIZED_AUTOS = YES_AGGRESSIVE;
				GCC_WARN_UNUSED_FUNCTION = YES;
				GCC_WARN_UNUSED_VARIABLE = YES;
				IPHONEOS_DEPLOYMENT_TARGET = 13.0;
				MACOSX_DEPLOYMENT_TARGET = 12.0;
				MTL_ENABLE_DEBUG_INFO = INCLUDE_SOURCE;
				MTL_FAST_MATH = YES;
				ONLY_ACTIVE_ARCH = YES;
				SDKROOT = macosx;
			};
			name = Debug;
		};
		71A9C06D27349B9100932563 /* Release */ = {
			isa = XCBuildConfiguration;
			baseConfigurationReference = 72CBBD399B025FAB0CA05C0D /* SampleCode.xcconfig */;
			buildSettings = {
				ALWAYS_SEARCH_USER_PATHS = NO;
				CLANG_ANALYZER_NONNULL = YES;
				CLANG_ANALYZER_NUMBER_OBJECT_CONVERSION = YES_AGGRESSIVE;
				CLANG_CXX_LANGUAGE_STANDARD = "gnu++17";
				CLANG_CXX_LIBRARY = "libc++";
				CLANG_ENABLE_MODULES = YES;
				CLANG_ENABLE_OBJC_ARC = YES;
				CLANG_ENABLE_OBJC_WEAK = YES;
				CLANG_WARN_BLOCK_CAPTURE_AUTORELEASING = YES;
				CLANG_WARN_BOOL_CONVERSION = YES;
				CLANG_WARN_COMMA = YES;
				CLANG_WARN_CONSTANT_CONVERSION = YES;
				CLANG_WARN_DEPRECATED_OBJC_IMPLEMENTATIONS = YES;
				CLANG_WARN_DIRECT_OBJC_ISA_USAGE = YES_ERROR;
				CLANG_WARN_DOCUMENTATION_COMMENTS = YES;
				CLANG_WARN_EMPTY_BODY = YES;
				CLANG_WARN_ENUM_CONVERSION = YES;
				CLANG_WARN_INFINITE_RECURSION = YES;
				CLANG_WARN_INT_CONVERSION = YES;
				CLANG_WARN_NON_LITERAL_NULL_CONVERSION = YES;
				CLANG_WARN_OBJC_IMPLICIT_RETAIN_SELF = YES;
				CLANG_WARN_OBJC_LITERAL_CONVERSION = YES;
				CLANG_WARN_OBJC_ROOT_CLASS = YES_ERROR;
				CLANG_WARN_QUOTED_INCLUDE_IN_FRAMEWORK_HEADER = YES;
				CLANG_WARN_RANGE_LOOP_ANALYSIS = YES;
				CLANG_WARN_STRICT_PROTOTYPES = YES;
				CLANG_WARN_SUSPICIOUS_MOVE = YES;
				CLANG_WARN_UNGUARDED_AVAILABILITY = YES_AGGRESSIVE;
				CLANG_WARN_UNREACHABLE_CODE = YES;
				CLANG_WARN__DUPLICATE_METHOD_MATCH = YES;
				COPY_PHASE_STRIP = NO;
				DEAD_CODE_STRIPPING = YES;
				DEBUG_INFORMATION_FORMAT = "dwarf-with-dsym";
				ENABLE_NS_ASSERTIONS = NO;
				ENABLE_STRICT_OBJC_MSGSEND = YES;
				GCC_C_LANGUAGE_STANDARD = gnu11;
				GCC_NO_COMMON_BLOCKS = YES;
				GCC_WARN_64_TO_32_BIT_CONVERSION = YES;
				GCC_WARN_ABOUT_RETURN_TYPE = YES_ERROR;
				GCC_WARN_UNDECLARED_SELECTOR = YES;
				GCC_WARN_UNINITIALIZED_AUTOS = YES_AGGRESSIVE;
				GCC_WARN_UNUSED_FUNCTION = YES;
				GCC_WARN_UNUSED_VARIABLE = YES;
				IPHONEOS_DEPLOYMENT_TARGET = 13.0;
				MACOSX_DEPLOYMENT_TARGET = 12.0;
				MTL_ENABLE_DEBUG_INFO = NO;
				MTL_FAST_MATH = YES;
				SDKROOT = macosx;
			};
			name = Release;
		};
		83ABBB1F2A12C73000763796 /* Debug */ = {
			isa = XCBuildConfiguration;
			buildSettings = {
				ASSETCATALOG_COMPILER_APPICON_NAME = AppIcon;
				ASSETCATALOG_COMPILER_GLOBAL_ACCENT_COLOR_NAME = AccentColor;
				CLANG_CXX_LANGUAGE_STANDARD = "gnu++20";
				CODE_SIGN_STYLE = Automatic;
				CURRENT_PROJECT_VERSION = 1;
				DEVELOPMENT_TEAM = "";
				GENERATE_INFOPLIST_FILE = YES;
				HEADER_SEARCH_PATHS = (
					"metal-cpp",
					"metal-cpp-extensions",
				);
				INFOPLIST_FILE = "learn-metal/ios-shared/Info.plist";
				INFOPLIST_KEY_UIApplicationSupportsIndirectInputEvents = YES;
				INFOPLIST_KEY_UILaunchStoryboardName = LaunchScreen.storyboard;
				INFOPLIST_KEY_UISupportedInterfaceOrientations_iPad = "UIInterfaceOrientationPortrait UIInterfaceOrientationPortraitUpsideDown UIInterfaceOrientationLandscapeLeft UIInterfaceOrientationLandscapeRight";
				INFOPLIST_KEY_UISupportedInterfaceOrientations_iPhone = "UIInterfaceOrientationPortrait UIInterfaceOrientationLandscapeLeft UIInterfaceOrientationLandscapeRight";
				LD_RUNPATH_SEARCH_PATHS = (
					"$(inherited)",
					"@executable_path/Frameworks",
				);
				MARKETING_VERSION = 1.0;
				PRODUCT_BUNDLE_IDENTIFIER = "com.metalbyexample.learn-metal-cpp.window";
				PRODUCT_NAME = Window;
				SDKROOT = iphoneos;
				SWIFT_EMIT_LOC_STRINGS = YES;
				TARGETED_DEVICE_FAMILY = "1,2";
			};
			name = Debug;
		};
		83ABBB202A12C73000763796 /* Release */ = {
			isa = XCBuildConfiguration;
			buildSettings = {
				ASSETCATALOG_COMPILER_APPICON_NAME = AppIcon;
				ASSETCATALOG_COMPILER_GLOBAL_ACCENT_COLOR_NAME = AccentColor;
				CLANG_CXX_LANGUAGE_STANDARD = "gnu++20";
				CODE_SIGN_STYLE = Automatic;
				CURRENT_PROJECT_VERSION = 1;
				DEVELOPMENT_TEAM = "";
				GENERATE_INFOPLIST_FILE = YES;
				HEADER_SEARCH_PATHS = (
					"metal-cpp",
					"metal-cpp-extensions",
				);
				INFOPLIST_FILE = "learn-metal/ios-shared/Info.plist";
				INFOPLIST_KEY_UIApplicationSupportsIndirectInputEvents = YES;
				INFOPLIST_KEY_UILaunchStoryboardName = LaunchScreen.storyboard;
				INFOPLIST_KEY_UISupportedInterfaceOrientations_iPad = "UIInterfaceOrientationPortrait UIInterfaceOrientationPortraitUpsideDown UIInterfaceOrientationLandscapeLeft UIInterfaceOrientationLandscapeRight";
				INFOPLIST_KEY_UISupportedInterfaceOrientations_iPhone = "UIInterfaceOrientationPortrait UIInterfaceOrientationLandscapeLeft UIInterfaceOrientationLandscapeRight";
				LD_RUNPATH_SEARCH_PATHS = (
					"$(inherited)",
					"@executable_path/Frameworks",
				);
				MARKETING_VERSION = 1.0;
				PRODUCT_BUNDLE_IDENTIFIER = "com.metalbyexample.learn-metal-cpp.window";
				PRODUCT_NAME = Window;
				SDKROOT = iphoneos;
				SWIFT_EMIT_LOC_STRINGS = YES;
				TARGETED_DEVICE_FAMILY = "1,2";
				VALIDATE_PRODUCT = YES;
			};
			name = Release;
		};
		83ABBB452A12EFC400763796 /* Debug */ = {
			isa = XCBuildConfiguration;
			buildSettings = {
				ASSETCATALOG_COMPILER_APPICON_NAME = AppIcon;
				ASSETCATALOG_COMPILER_GLOBAL_ACCENT_COLOR_NAME = AccentColor;
				CLANG_CXX_LANGUAGE_STANDARD = "gnu++20";
				CODE_SIGN_STYLE = Automatic;
				CURRENT_PROJECT_VERSION = 1;
				DEVELOPMENT_TEAM = "";
				GENERATE_INFOPLIST_FILE = YES;
				HEADER_SEARCH_PATHS = (
					"metal-cpp",
					"metal-cpp-extensions",
				);
				INFOPLIST_FILE = "learn-metal/ios-shared/Info.plist";
				INFOPLIST_KEY_UIApplicationSupportsIndirectInputEvents = YES;
				INFOPLIST_KEY_UILaunchStoryboardName = LaunchScreen;
				INFOPLIST_KEY_UISupportedInterfaceOrientations_iPad = "UIInterfaceOrientationPortrait UIInterfaceOrientationPortraitUpsideDown UIInterfaceOrientationLandscapeLeft UIInterfaceOrientationLandscapeRight";
				INFOPLIST_KEY_UISupportedInterfaceOrientations_iPhone = "UIInterfaceOrientationPortrait UIInterfaceOrientationLandscapeLeft UIInterfaceOrientationLandscapeRight";
				LD_RUNPATH_SEARCH_PATHS = (
					"$(inherited)",
					"@executable_path/Frameworks",
				);
				MARKETING_VERSION = 1.0;
				PRODUCT_BUNDLE_IDENTIFIER = "com.metalbyexample.learn-metal-cpp.primitive";
				PRODUCT_NAME = Primitive;
				SDKROOT = iphoneos;
				SWIFT_EMIT_LOC_STRINGS = YES;
				TARGETED_DEVICE_FAMILY = "1,2";
			};
			name = Debug;
		};
		83ABBB462A12EFC400763796 /* Release */ = {
			isa = XCBuildConfiguration;
			buildSettings = {
				ASSETCATALOG_COMPILER_APPICON_NAME = AppIcon;
				ASSETCATALOG_COMPILER_GLOBAL_ACCENT_COLOR_NAME = AccentColor;
				CLANG_CXX_LANGUAGE_STANDARD = "gnu++20";
				CODE_SIGN_STYLE = Automatic;
				CURRENT_PROJECT_VERSION = 1;
				DEVELOPMENT_TEAM = "";
				GENERATE_INFOPLIST_FILE = YES;
				HEADER_SEARCH_PATHS = (
					"metal-cpp",
					"metal-cpp-extensions",
				);
				INFOPLIST_FILE = "learn-metal/ios-shared/Info.plist";
				INFOPLIST_KEY_UIApplicationSupportsIndirectInputEvents = YES;
				INFOPLIST_KEY_UILaunchStoryboardName = LaunchScreen;
				INFOPLIST_KEY_UISupportedInterfaceOrientations_iPad = "UIInterfaceOrientationPortrait UIInterfaceOrientationPortraitUpsideDown UIInterfaceOrientationLandscapeLeft UIInterfaceOrientationLandscapeRight";
				INFOPLIST_KEY_UISupportedInterfaceOrientations_iPhone = "UIInterfaceOrientationPortrait UIInterfaceOrientationLandscapeLeft UIInterfaceOrientationLandscapeRight";
				LD_RUNPATH_SEARCH_PATHS = (
					"$(inherited)",
					"@executable_path/Frameworks",
				);
				MARKETING_VERSION = 1.0;
				PRODUCT_BUNDLE_IDENTIFIER = "com.metalbyexample.learn-metal-cpp.primitive";
				PRODUCT_NAME = Primitive;
				SDKROOT = iphoneos;
				SWIFT_EMIT_LOC_STRINGS = YES;
				TARGETED_DEVICE_FAMILY = "1,2";
				VALIDATE_PRODUCT = YES;
			};
			name = Release;
		};
		83ABBB672A12F21700763796 /* Debug */ = {
			isa = XCBuildConfiguration;
			buildSettings = {
				ASSETCATALOG_COMPILER_APPICON_NAME = AppIcon;
				ASSETCATALOG_COMPILER_GLOBAL_ACCENT_COLOR_NAME = AccentColor;
				CLANG_CXX_LANGUAGE_STANDARD = "gnu++20";
				CODE_SIGN_STYLE = Automatic;
				CURRENT_PROJECT_VERSION = 1;
				DEVELOPMENT_TEAM = "";
				GENERATE_INFOPLIST_FILE = YES;
				HEADER_SEARCH_PATHS = (
					"metal-cpp",
					"metal-cpp-extensions",
				);
				INFOPLIST_FILE = "learn-metal/ios-shared/Info.plist";
				INFOPLIST_KEY_UIApplicationSupportsIndirectInputEvents = YES;
				INFOPLIST_KEY_UILaunchStoryboardName = LaunchScreen;
				INFOPLIST_KEY_UISupportedInterfaceOrientations_iPad = "UIInterfaceOrientationPortrait UIInterfaceOrientationPortraitUpsideDown UIInterfaceOrientationLandscapeLeft UIInterfaceOrientationLandscapeRight";
				INFOPLIST_KEY_UISupportedInterfaceOrientations_iPhone = "UIInterfaceOrientationPortrait UIInterfaceOrientationLandscapeLeft UIInterfaceOrientationLandscapeRight";
				LD_RUNPATH_SEARCH_PATHS = (
					"$(inherited)",
					"@executable_path/Frameworks",
				);
				MARKETING_VERSION = 1.0;
				PRODUCT_BUNDLE_IDENTIFIER = "com.metalbyexample.learn-metal-cpp.argbuffers";
				PRODUCT_NAME = "Arg Buffers";
				SDKROOT = iphoneos;
				SWIFT_EMIT_LOC_STRINGS = YES;
				TARGETED_DEVICE_FAMILY = "1,2";
			};
			name = Debug;
		};
		83ABBB682A12F21700763796 /* Release */ = {
			isa = XCBuildConfiguration;
			buildSettings = {
				ASSETCATALOG_COMPILER_APPICON_NAME = AppIcon;
				ASSETCATALOG_COMPILER_GLOBAL_ACCENT_COLOR_NAME = AccentColor;
				CLANG_CXX_LANGUAGE_STANDARD = "gnu++20";
				CODE_SIGN_STYLE = Automatic;
				CURRENT_PROJECT_VERSION = 1;
				DEVELOPMENT_TEAM = "";
				GENERATE_INFOPLIST_FILE = YES;
				HEADER_SEARCH_PATHS = (
					"metal-cpp",
					"metal-cpp-extensions",
				);
				INFOPLIST_FILE = "learn-metal/ios-shared/Info.plist";
				INFOPLIST_KEY_UIApplicationSupportsIndirectInputEvents = YES;
				INFOPLIST_KEY_UILaunchStoryboardName = LaunchScreen;
				INFOPLIST_KEY_UISupportedInterfaceOrientations_iPad = "UIInterfaceOrientationPortrait UIInterfaceOrientationPortraitUpsideDown UIInterfaceOrientationLandscapeLeft UIInterfaceOrientationLandscapeRight";
				INFOPLIST_KEY_UISupportedInterfaceOrientations_iPhone = "UIInterfaceOrientationPortrait UIInterfaceOrientationLandscapeLeft UIInterfaceOrientationLandscapeRight";
				LD_RUNPATH_SEARCH_PATHS = (
					"$(inherited)",
					"@executable_path/Frameworks",
				);
				MARKETING_VERSION = 1.0;
				PRODUCT_BUNDLE_IDENTIFIER = "com.metalbyexample.learn-metal-cpp.argbuffers";
				PRODUCT_NAME = "Arg Buffers";
				SDKROOT = iphoneos;
				SWIFT_EMIT_LOC_STRINGS = YES;
				TARGETED_DEVICE_FAMILY = "1,2";
				VALIDATE_PRODUCT = YES;
			};
			name = Release;
		};
		83ABBB892A12FBE300763796 /* Debug */ = {
			isa = XCBuildConfiguration;
			buildSettings = {
				ASSETCATALOG_COMPILER_APPICON_NAME = AppIcon;
				ASSETCATALOG_COMPILER_GLOBAL_ACCENT_COLOR_NAME = AccentColor;
				CLANG_CXX_LANGUAGE_STANDARD = "gnu++20";
				CODE_SIGN_STYLE = Automatic;
				CURRENT_PROJECT_VERSION = 1;
				DEVELOPMENT_TEAM = "";
				GENERATE_INFOPLIST_FILE = YES;
				HEADER_SEARCH_PATHS = (
					"metal-cpp",
					"metal-cpp-extensions",
				);
				INFOPLIST_FILE = "learn-metal/ios-shared/Info.plist";
				INFOPLIST_KEY_UIApplicationSupportsIndirectInputEvents = YES;
				INFOPLIST_KEY_UILaunchStoryboardName = LaunchScreen;
				INFOPLIST_KEY_UISupportedInterfaceOrientations_iPad = "UIInterfaceOrientationPortrait UIInterfaceOrientationPortraitUpsideDown UIInterfaceOrientationLandscapeLeft UIInterfaceOrientationLandscapeRight";
				INFOPLIST_KEY_UISupportedInterfaceOrientations_iPhone = "UIInterfaceOrientationPortrait UIInterfaceOrientationLandscapeLeft UIInterfaceOrientationLandscapeRight";
				LD_RUNPATH_SEARCH_PATHS = (
					"$(inherited)",
					"@executable_path/Frameworks",
				);
				MARKETING_VERSION = 1.0;
				PRODUCT_BUNDLE_IDENTIFIER = "com.metalbyexample.learn-metal-cpp.animation";
				PRODUCT_NAME = Animation;
				SDKROOT = iphoneos;
				SWIFT_EMIT_LOC_STRINGS = YES;
				TARGETED_DEVICE_FAMILY = "1,2";
			};
			name = Debug;
		};
		83ABBB8A2A12FBE300763796 /* Release */ = {
			isa = XCBuildConfiguration;
			buildSettings = {
				ASSETCATALOG_COMPILER_APPICON_NAME = AppIcon;
				ASSETCATALOG_COMPILER_GLOBAL_ACCENT_COLOR_NAME = AccentColor;
				CLANG_CXX_LANGUAGE_STANDARD = "gnu++20";
				CODE_SIGN_STYLE = Automatic;
				CURRENT_PROJECT_VERSION = 1;
				DEVELOPMENT_TEAM = "";
				GENERATE_INFOPLIST_FILE = YES;
				HEADER_SEARCH_PATHS = (
					"metal-cpp",
					"metal-cpp-extensions",
				);
				INFOPLIST_FILE = "learn-metal/ios-shared/Info.plist";
				INFOPLIST_KEY_UIApplicationSupportsIndirectInputEvents = YES;
				INFOPLIST_KEY_UILaunchStoryboardName = LaunchScreen;
				INFOPLIST_KEY_UISupportedInterfaceOrientations_iPad = "UIInterfaceOrientationPortrait UIInterfaceOrientationPortraitUpsideDown UIInterfaceOrientationLandscapeLeft UIInterfaceOrientationLandscapeRight";
				INFOPLIST_KEY_UISupportedInterfaceOrientations_iPhone = "UIInterfaceOrientationPortrait UIInterfaceOrientationLandscapeLeft UIInterfaceOrientationLandscapeRight";
				LD_RUNPATH_SEARCH_PATHS = (
					"$(inherited)",
					"@executable_path/Frameworks",
				);
				MARKETING_VERSION = 1.0;
				PRODUCT_BUNDLE_IDENTIFIER = "com.metalbyexample.learn-metal-cpp.animation";
				PRODUCT_NAME = Animation;
				SDKROOT = iphoneos;
				SWIFT_EMIT_LOC_STRINGS = YES;
				TARGETED_DEVICE_FAMILY = "1,2";
				VALIDATE_PRODUCT = YES;
			};
			name = Release;
		};
		83ABBBAB2A12FCB800763796 /* Debug */ = {
			isa = XCBuildConfiguration;
			buildSettings = {
				ASSETCATALOG_COMPILER_APPICON_NAME = AppIcon;
				ASSETCATALOG_COMPILER_GLOBAL_ACCENT_COLOR_NAME = AccentColor;
				CLANG_CXX_LANGUAGE_STANDARD = "gnu++20";
				CODE_SIGN_STYLE = Automatic;
				CURRENT_PROJECT_VERSION = 1;
				DEVELOPMENT_TEAM = "";
				GENERATE_INFOPLIST_FILE = YES;
				HEADER_SEARCH_PATHS = (
					"metal-cpp",
					"metal-cpp-extensions",
				);
				INFOPLIST_FILE = "learn-metal/ios-shared/Info.plist";
				INFOPLIST_KEY_UIApplicationSupportsIndirectInputEvents = YES;
				INFOPLIST_KEY_UILaunchStoryboardName = LaunchScreen;
				INFOPLIST_KEY_UISupportedInterfaceOrientations_iPad = "UIInterfaceOrientationPortrait UIInterfaceOrientationPortraitUpsideDown UIInterfaceOrientationLandscapeLeft UIInterfaceOrientationLandscapeRight";
				INFOPLIST_KEY_UISupportedInterfaceOrientations_iPhone = "UIInterfaceOrientationPortrait UIInterfaceOrientationLandscapeLeft UIInterfaceOrientationLandscapeRight";
				LD_RUNPATH_SEARCH_PATHS = (
					"$(inherited)",
					"@executable_path/Frameworks",
				);
				MARKETING_VERSION = 1.0;
				PRODUCT_BUNDLE_IDENTIFIER = "com.metalbyexample.learn-metal-cpp.instancing";
				PRODUCT_NAME = Instancing;
				SDKROOT = iphoneos;
				SWIFT_EMIT_LOC_STRINGS = YES;
				TARGETED_DEVICE_FAMILY = "1,2";
			};
			name = Debug;
		};
		83ABBBAC2A12FCB800763796 /* Release */ = {
			isa = XCBuildConfiguration;
			buildSettings = {
				ASSETCATALOG_COMPILER_APPICON_NAME = AppIcon;
				ASSETCATALOG_COMPILER_GLOBAL_ACCENT_COLOR_NAME = AccentColor;
				CLANG_CXX_LANGUAGE_STANDARD = "gnu++20";
				CODE_SIGN_STYLE = Automatic;
				CURRENT_PROJECT_VERSION = 1;
				DEVELOPMENT_TEAM = "";
				GENERATE_INFOPLIST_FILE = YES;
				HEADER_SEARCH_PATHS = (
					"metal-cpp",
					"metal-cpp-extensions",
				);
				INFOPLIST_FILE = "learn-metal/ios-shared/Info.plist";
				INFOPLIST_KEY_UIApplicationSupportsIndirectInputEvents = YES;
				INFOPLIST_KEY_UILaunchStoryboardName = LaunchScreen;
				INFOPLIST_KEY_UISupportedInterfaceOrientations_iPad = "UIInterfaceOrientationPortrait UIInterfaceOrientationPortraitUpsideDown UIInterfaceOrientationLandscapeLeft UIInterfaceOrientationLandscapeRight";
				INFOPLIST_KEY_UISupportedInterfaceOrientations_iPhone = "UIInterfaceOrientationPortrait UIInterfaceOrientationLandscapeLeft UIInterfaceOrientationLandscapeRight";
				LD_RUNPATH_SEARCH_PATHS = (
					"$(inherited)",
					"@executable_path/Frameworks",
				);
				MARKETING_VERSION = 1.0;
				PRODUCT_BUNDLE_IDENTIFIER = "com.metalbyexample.learn-metal-cpp.instancing";
				PRODUCT_NAME = Instancing;
				SDKROOT = iphoneos;
				SWIFT_EMIT_LOC_STRINGS = YES;
				TARGETED_DEVICE_FAMILY = "1,2";
				VALIDATE_PRODUCT = YES;
			};
			name = Release;
		};
		83ABBBCD2A12FDDB00763796 /* Debug */ = {
			isa = XCBuildConfiguration;
			buildSettings = {
				ASSETCATALOG_COMPILER_APPICON_NAME = AppIcon;
				ASSETCATALOG_COMPILER_GLOBAL_ACCENT_COLOR_NAME = AccentColor;
				CLANG_CXX_LANGUAGE_STANDARD = "gnu++20";
				CODE_SIGN_STYLE = Automatic;
				CURRENT_PROJECT_VERSION = 1;
				DEVELOPMENT_TEAM = "";
				GENERATE_INFOPLIST_FILE = YES;
				HEADER_SEARCH_PATHS = (
					"metal-cpp",
					"metal-cpp-extensions",
				);
				INFOPLIST_FILE = "learn-metal/ios-shared/Info.plist";
				INFOPLIST_KEY_UIApplicationSupportsIndirectInputEvents = YES;
				INFOPLIST_KEY_UILaunchStoryboardName = LaunchScreen;
				INFOPLIST_KEY_UISupportedInterfaceOrientations_iPad = "UIInterfaceOrientationPortrait UIInterfaceOrientationPortraitUpsideDown UIInterfaceOrientationLandscapeLeft UIInterfaceOrientationLandscapeRight";
				INFOPLIST_KEY_UISupportedInterfaceOrientations_iPhone = "UIInterfaceOrientationPortrait UIInterfaceOrientationLandscapeLeft UIInterfaceOrientationLandscapeRight";
				LD_RUNPATH_SEARCH_PATHS = (
					"$(inherited)",
					"@executable_path/Frameworks",
				);
				MARKETING_VERSION = 1.0;
				PRODUCT_BUNDLE_IDENTIFIER = "com.metalbyexample.learn-metal-cpp.perspective";
				PRODUCT_NAME = Perspective;
				SDKROOT = iphoneos;
				SWIFT_EMIT_LOC_STRINGS = YES;
				TARGETED_DEVICE_FAMILY = "1,2";
			};
			name = Debug;
		};
		83ABBBCE2A12FDDB00763796 /* Release */ = {
			isa = XCBuildConfiguration;
			buildSettings = {
				ASSETCATALOG_COMPILER_APPICON_NAME = AppIcon;
				ASSETCATALOG_COMPILER_GLOBAL_ACCENT_COLOR_NAME = AccentColor;
				CLANG_CXX_LANGUAGE_STANDARD = "gnu++20";
				CODE_SIGN_STYLE = Automatic;
				CURRENT_PROJECT_VERSION = 1;
				DEVELOPMENT_TEAM = "";
				GENERATE_INFOPLIST_FILE = YES;
				HEADER_SEARCH_PATHS = (
					"metal-cpp",
					"metal-cpp-extensions",
				);
				INFOPLIST_FILE = "learn-metal/ios-shared/Info.plist";
				INFOPLIST_KEY_UIApplicationSupportsIndirectInputEvents = YES;
				INFOPLIST_KEY_UILaunchStoryboardName = LaunchScreen;
				INFOPLIST_KEY_UISupportedInterfaceOrientations_iPad = "UIInterfaceOrientationPortrait UIInterfaceOrientationPortraitUpsideDown UIInterfaceOrientationLandscapeLeft UIInterfaceOrientationLandscapeRight";
				INFOPLIST_KEY_UISupportedInterfaceOrientations_iPhone = "UIInterfaceOrientationPortrait UIInterfaceOrientationLandscapeLeft UIInterfaceOrientationLandscapeRight";
				LD_RUNPATH_SEARCH_PATHS = (
					"$(inherited)",
					"@executable_path/Frameworks",
				);
				MARKETING_VERSION = 1.0;
				PRODUCT_BUNDLE_IDENTIFIER = "com.metalbyexample.learn-metal-cpp.perspective";
				PRODUCT_NAME = Perspective;
				SDKROOT = iphoneos;
				SWIFT_EMIT_LOC_STRINGS = YES;
				TARGETED_DEVICE_FAMILY = "1,2";
				VALIDATE_PRODUCT = YES;
			};
			name = Release;
		};
		83ABBBEF2A13011800763796 /* Debug */ = {
			isa = XCBuildConfiguration;
			buildSettings = {
				ASSETCATALOG_COMPILER_APPICON_NAME = AppIcon;
				ASSETCATALOG_COMPILER_GLOBAL_ACCENT_COLOR_NAME = AccentColor;
				CLANG_CXX_LANGUAGE_STANDARD = "gnu++20";
				CODE_SIGN_STYLE = Automatic;
				CURRENT_PROJECT_VERSION = 1;
				DEVELOPMENT_TEAM = "";
				GENERATE_INFOPLIST_FILE = YES;
				HEADER_SEARCH_PATHS = (
					"metal-cpp",
					"metal-cpp-extensions",
				);
				INFOPLIST_FILE = "learn-metal/ios-shared/Info.plist";
				INFOPLIST_KEY_UIApplicationSupportsIndirectInputEvents = YES;
				INFOPLIST_KEY_UILaunchStoryboardName = LaunchScreen;
				INFOPLIST_KEY_UISupportedInterfaceOrientations_iPad = "UIInterfaceOrientationPortrait UIInterfaceOrientationPortraitUpsideDown UIInterfaceOrientationLandscapeLeft UIInterfaceOrientationLandscapeRight";
				INFOPLIST_KEY_UISupportedInterfaceOrientations_iPhone = "UIInterfaceOrientationPortrait UIInterfaceOrientationLandscapeLeft UIInterfaceOrientationLandscapeRight";
				LD_RUNPATH_SEARCH_PATHS = (
					"$(inherited)",
					"@executable_path/Frameworks",
				);
				MARKETING_VERSION = 1.0;
				PRODUCT_BUNDLE_IDENTIFIER = "com.metalbyexample.learn-metal-cpp.lighting";
				PRODUCT_NAME = Lighting;
				SDKROOT = iphoneos;
				SWIFT_EMIT_LOC_STRINGS = YES;
				TARGETED_DEVICE_FAMILY = "1,2";
			};
			name = Debug;
		};
		83ABBBF02A13011800763796 /* Release */ = {
			isa = XCBuildConfiguration;
			buildSettings = {
				ASSETCATALOG_COMPILER_APPICON_NAME = AppIcon;
				ASSETCATALOG_COMPILER_GLOBAL_ACCENT_COLOR_NAME = AccentColor;
				CLANG_CXX_LANGUAGE_STANDARD = "gnu++20";
				CODE_SIGN_STYLE = Automatic;
				CURRENT_PROJECT_VERSION = 1;
				DEVELOPMENT_TEAM = "";
				GENERATE_INFOPLIST_FILE = YES;
				HEADER_SEARCH_PATHS = (
					"metal-cpp",
					"metal-cpp-extensions",
				);
				INFOPLIST_FILE = "learn-metal/ios-shared/Info.plist";
				INFOPLIST_KEY_UIApplicationSupportsIndirectInputEvents = YES;
				INFOPLIST_KEY_UILaunchStoryboardName = LaunchScreen;
				INFOPLIST_KEY_UISupportedInterfaceOrientations_iPad = "UIInterfaceOrientationPortrait UIInterfaceOrientationPortraitUpsideDown UIInterfaceOrientationLandscapeLeft UIInterfaceOrientationLandscapeRight";
				INFOPLIST_KEY_UISupportedInterfaceOrientations_iPhone = "UIInterfaceOrientationPortrait UIInterfaceOrientationLandscapeLeft UIInterfaceOrientationLandscapeRight";
				LD_RUNPATH_SEARCH_PATHS = (
					"$(inherited)",
					"@executable_path/Frameworks",
				);
				MARKETING_VERSION = 1.0;
				PRODUCT_BUNDLE_IDENTIFIER = "com.metalbyexample.learn-metal-cpp.lighting";
				PRODUCT_NAME = Lighting;
				SDKROOT = iphoneos;
				SWIFT_EMIT_LOC_STRINGS = YES;
				TARGETED_DEVICE_FAMILY = "1,2";
				VALIDATE_PRODUCT = YES;
			};
			name = Release;
		};
		83ABBC112A13031200763796 /* Debug */ = {
			isa = XCBuildConfiguration;
			buildSettings = {
				ASSETCATALOG_COMPILER_APPICON_NAME = AppIcon;
				ASSETCATALOG_COMPILER_GLOBAL_ACCENT_COLOR_NAME = AccentColor;
				CLANG_CXX_LANGUAGE_STANDARD = "gnu++20";
				CODE_SIGN_STYLE = Automatic;
				CURRENT_PROJECT_VERSION = 1;
				DEVELOPMENT_TEAM = "";
				GENERATE_INFOPLIST_FILE = YES;
				HEADER_SEARCH_PATHS = (
					"metal-cpp",
					"metal-cpp-extensions",
				);
				INFOPLIST_FILE = "learn-metal/ios-shared/Info.plist";
				INFOPLIST_KEY_UIApplicationSupportsIndirectInputEvents = YES;
				INFOPLIST_KEY_UILaunchStoryboardName = LaunchScreen;
				INFOPLIST_KEY_UISupportedInterfaceOrientations_iPad = "UIInterfaceOrientationPortrait UIInterfaceOrientationPortraitUpsideDown UIInterfaceOrientationLandscapeLeft UIInterfaceOrientationLandscapeRight";
				INFOPLIST_KEY_UISupportedInterfaceOrientations_iPhone = "UIInterfaceOrientationPortrait UIInterfaceOrientationLandscapeLeft UIInterfaceOrientationLandscapeRight";
				LD_RUNPATH_SEARCH_PATHS = (
					"$(inherited)",
					"@executable_path/Frameworks",
				);
				MARKETING_VERSION = 1.0;
				PRODUCT_BUNDLE_IDENTIFIER = "com.metalbyexample.learn-metal-cpp.texturing";
				PRODUCT_NAME = Texturing;
				SDKROOT = iphoneos;
				SWIFT_EMIT_LOC_STRINGS = YES;
				TARGETED_DEVICE_FAMILY = "1,2";
			};
			name = Debug;
		};
		83ABBC122A13031200763796 /* Release */ = {
			isa = XCBuildConfiguration;
			buildSettings = {
				ASSETCATALOG_COMPILER_APPICON_NAME = AppIcon;
				ASSETCATALOG_COMPILER_GLOBAL_ACCENT_COLOR_NAME = AccentColor;
				CLANG_CXX_LANGUAGE_STANDARD = "gnu++20";
				CODE_SIGN_STYLE = Automatic;
				CURRENT_PROJECT_VERSION = 1;
				DEVELOPMENT_TEAM = "";
				GENERATE_INFOPLIST_FILE = YES;
				HEADER_SEARCH_PATHS = (
					"metal-cpp",
					"metal-cpp-extensions",
				);
				INFOPLIST_FILE = "learn-metal/ios-shared/Info.plist";
				INFOPLIST_KEY_UIApplicationSupportsIndirectInputEvents = YES;
				INFOPLIST_KEY_UILaunchStoryboardName = LaunchScreen;
				INFOPLIST_KEY_UISupportedInterfaceOrientations_iPad = "UIInterfaceOrientationPortrait UIInterfaceOrientationPortraitUpsideDown UIInterfaceOrientationLandscapeLeft UIInterfaceOrientationLandscapeRight";
				INFOPLIST_KEY_UISupportedInterfaceOrientations_iPhone = "UIInterfaceOrientationPortrait UIInterfaceOrientationLandscapeLeft UIInterfaceOrientationLandscapeRight";
				LD_RUNPATH_SEARCH_PATHS = (
					"$(inherited)",
					"@executable_path/Frameworks",
				);
				MARKETING_VERSION = 1.0;
				PRODUCT_BUNDLE_IDENTIFIER = "com.metalbyexample.learn-metal-cpp.texturing";
				PRODUCT_NAME = Texturing;
				SDKROOT = iphoneos;
				SWIFT_EMIT_LOC_STRINGS = YES;
				TARGETED_DEVICE_FAMILY = "1,2";
				VALIDATE_PRODUCT = YES;
			};
			name = Release;
		};
		83ABBC342A13049700763796 /* Debug */ = {
			isa = XCBuildConfiguration;
			buildSettings = {
				ASSETCATALOG_COMPILER_APPICON_NAME = AppIcon;
				ASSETCATALOG_COMPILER_GLOBAL_ACCENT_COLOR_NAME = AccentColor;
				CLANG_CXX_LANGUAGE_STANDARD = "gnu++20";
				CODE_SIGN_STYLE = Automatic;
				CURRENT_PROJECT_VERSION = 1;
				DEVELOPMENT_TEAM = "";
				GENERATE_INFOPLIST_FILE = YES;
				HEADER_SEARCH_PATHS = (
					"metal-cpp",
					"metal-cpp-extensions",
				);
				INFOPLIST_FILE = "learn-metal/ios-shared/Info.plist";
				INFOPLIST_KEY_UIApplicationSupportsIndirectInputEvents = YES;
				INFOPLIST_KEY_UILaunchStoryboardName = LaunchScreen;
				INFOPLIST_KEY_UISupportedInterfaceOrientations_iPad = "UIInterfaceOrientationPortrait UIInterfaceOrientationPortraitUpsideDown UIInterfaceOrientationLandscapeLeft UIInterfaceOrientationLandscapeRight";
				INFOPLIST_KEY_UISupportedInterfaceOrientations_iPhone = "UIInterfaceOrientationPortrait UIInterfaceOrientationLandscapeLeft UIInterfaceOrientationLandscapeRight";
				LD_RUNPATH_SEARCH_PATHS = (
					"$(inherited)",
					"@executable_path/Frameworks",
				);
				MARKETING_VERSION = 1.0;
				PRODUCT_BUNDLE_IDENTIFIER = "com.metalbyexample.learn-metal-cpp.compute";
				PRODUCT_NAME = Compute;
				SDKROOT = iphoneos;
				SWIFT_EMIT_LOC_STRINGS = YES;
				TARGETED_DEVICE_FAMILY = "1,2";
			};
			name = Debug;
		};
		83ABBC352A13049700763796 /* Release */ = {
			isa = XCBuildConfiguration;
			buildSettings = {
				ASSETCATALOG_COMPILER_APPICON_NAME = AppIcon;
				ASSETCATALOG_COMPILER_GLOBAL_ACCENT_COLOR_NAME = AccentColor;
				CLANG_CXX_LANGUAGE_STANDARD = "gnu++20";
				CODE_SIGN_STYLE = Automatic;
				CURRENT_PROJECT_VERSION = 1;
				DEVELOPMENT_TEAM = "";
				GENERATE_INFOPLIST_FILE = YES;
				HEADER_SEARCH_PATHS = (
					"metal-cpp",
					"metal-cpp-extensions",
				);
				INFOPLIST_FILE = "learn-metal/ios-shared/Info.plist";
				INFOPLIST_KEY_UIApplicationSupportsIndirectInputEvents = YES;
				INFOPLIST_KEY_UILaunchStoryboardName = LaunchScreen;
				INFOPLIST_KEY_UISupportedInterfaceOrientations_iPad = "UIInterfaceOrientationPortrait UIInterfaceOrientationPortraitUpsideDown UIInterfaceOrientationLandscapeLeft UIInterfaceOrientationLandscapeRight";
				INFOPLIST_KEY_UISupportedInterfaceOrientations_iPhone = "UIInterfaceOrientationPortrait UIInterfaceOrientationLandscapeLeft UIInterfaceOrientationLandscapeRight";
				LD_RUNPATH_SEARCH_PATHS = (
					"$(inherited)",
					"@executable_path/Frameworks",
				);
				MARKETING_VERSION = 1.0;
				PRODUCT_BUNDLE_IDENTIFIER = "com.metalbyexample.learn-metal-cpp.compute";
				PRODUCT_NAME = Compute;
				SDKROOT = iphoneos;
				SWIFT_EMIT_LOC_STRINGS = YES;
				TARGETED_DEVICE_FAMILY = "1,2";
				VALIDATE_PRODUCT = YES;
			};
			name = Release;
		};
		83ABBC562A1305C600763796 /* Debug */ = {
			isa = XCBuildConfiguration;
			buildSettings = {
				ASSETCATALOG_COMPILER_APPICON_NAME = AppIcon;
				ASSETCATALOG_COMPILER_GLOBAL_ACCENT_COLOR_NAME = AccentColor;
				CLANG_CXX_LANGUAGE_STANDARD = "gnu++20";
				CODE_SIGN_STYLE = Automatic;
				CURRENT_PROJECT_VERSION = 1;
				DEVELOPMENT_TEAM = "";
				GENERATE_INFOPLIST_FILE = YES;
				HEADER_SEARCH_PATHS = (
					"metal-cpp",
					"metal-cpp-extensions",
				);
				INFOPLIST_FILE = "learn-metal/ios-shared/Info.plist";
				INFOPLIST_KEY_UIApplicationSupportsIndirectInputEvents = YES;
				INFOPLIST_KEY_UILaunchStoryboardName = LaunchScreen;
				INFOPLIST_KEY_UISupportedInterfaceOrientations_iPad = "UIInterfaceOrientationPortrait UIInterfaceOrientationPortraitUpsideDown UIInterfaceOrientationLandscapeLeft UIInterfaceOrientationLandscapeRight";
				INFOPLIST_KEY_UISupportedInterfaceOrientations_iPhone = "UIInterfaceOrientationPortrait UIInterfaceOrientationLandscapeLeft UIInterfaceOrientationLandscapeRight";
				LD_RUNPATH_SEARCH_PATHS = (
					"$(inherited)",
					"@executable_path/Frameworks",
				);
				MARKETING_VERSION = 1.0;
				PRODUCT_BUNDLE_IDENTIFIER = "com.metalbyexample.learn-metal-cpp.compute-to-render";
				PRODUCT_NAME = "Compute Render";
				SDKROOT = iphoneos;
				SWIFT_EMIT_LOC_STRINGS = YES;
				TARGETED_DEVICE_FAMILY = "1,2";
			};
			name = Debug;
		};
		83ABBC572A1305C600763796 /* Release */ = {
			isa = XCBuildConfiguration;
			buildSettings = {
				ASSETCATALOG_COMPILER_APPICON_NAME = AppIcon;
				ASSETCATALOG_COMPILER_GLOBAL_ACCENT_COLOR_NAME = AccentColor;
				CLANG_CXX_LANGUAGE_STANDARD = "gnu++20";
				CODE_SIGN_STYLE = Automatic;
				CURRENT_PROJECT_VERSION = 1;
				DEVELOPMENT_TEAM = "";
				GENERATE_INFOPLIST_FILE = YES;
				HEADER_SEARCH_PATHS = (
					"metal-cpp",
					"metal-cpp-extensions",
				);
				INFOPLIST_FILE = "learn-metal/ios-shared/Info.plist";
				INFOPLIST_KEY_UIApplicationSupportsIndirectInputEvents = YES;
				INFOPLIST_KEY_UILaunchStoryboardName = LaunchScreen;
				INFOPLIST_KEY_UISupportedInterfaceOrientations_iPad = "UIInterfaceOrientationPortrait UIInterfaceOrientationPortraitUpsideDown UIInterfaceOrientationLandscapeLeft UIInterfaceOrientationLandscapeRight";
				INFOPLIST_KEY_UISupportedInterfaceOrientations_iPhone = "UIInterfaceOrientationPortrait UIInterfaceOrientationLandscapeLeft UIInterfaceOrientationLandscapeRight";
				LD_RUNPATH_SEARCH_PATHS = (
					"$(inherited)",
					"@executable_path/Frameworks",
				);
				MARKETING_VERSION = 1.0;
				PRODUCT_BUNDLE_IDENTIFIER = "com.metalbyexample.learn-metal-cpp.compute-to-render";
				PRODUCT_NAME = "Compute Render";
				SDKROOT = iphoneos;
				SWIFT_EMIT_LOC_STRINGS = YES;
				TARGETED_DEVICE_FAMILY = "1,2";
				VALIDATE_PRODUCT = YES;
			};
			name = Release;
		};
		83ABBC782A1306FC00763796 /* Debug */ = {
			isa = XCBuildConfiguration;
			buildSettings = {
				ASSETCATALOG_COMPILER_APPICON_NAME = AppIcon;
				ASSETCATALOG_COMPILER_GLOBAL_ACCENT_COLOR_NAME = AccentColor;
				CLANG_CXX_LANGUAGE_STANDARD = "gnu++20";
				CODE_SIGN_STYLE = Automatic;
				CURRENT_PROJECT_VERSION = 1;
				DEVELOPMENT_TEAM = "";
				GENERATE_INFOPLIST_FILE = YES;
				HEADER_SEARCH_PATHS = (
					"metal-cpp",
					"metal-cpp-extensions",
				);
				INFOPLIST_FILE = "learn-metal/ios-shared/Info.plist";
				INFOPLIST_KEY_UIApplicationSupportsIndirectInputEvents = YES;
				INFOPLIST_KEY_UILaunchStoryboardName = LaunchScreen;
				INFOPLIST_KEY_UISupportedInterfaceOrientations_iPad = "UIInterfaceOrientationPortrait UIInterfaceOrientationPortraitUpsideDown UIInterfaceOrientationLandscapeLeft UIInterfaceOrientationLandscapeRight";
				INFOPLIST_KEY_UISupportedInterfaceOrientations_iPhone = "UIInterfaceOrientationPortrait UIInterfaceOrientationLandscapeLeft UIInterfaceOrientationLandscapeRight";
				LD_RUNPATH_SEARCH_PATHS = (
					"$(inherited)",
					"@executable_path/Frameworks",
				);
				MARKETING_VERSION = 1.0;
				PRODUCT_BUNDLE_IDENTIFIER = "com.metalbyexample.learn-metal-cpp.frame-debugging";
				PRODUCT_NAME = Debugging;
				SDKROOT = iphoneos;
				SWIFT_EMIT_LOC_STRINGS = YES;
				TARGETED_DEVICE_FAMILY = "1,2";
			};
			name = Debug;
		};
		83ABBC792A1306FC00763796 /* Release */ = {
			isa = XCBuildConfiguration;
			buildSettings = {
				ASSETCATALOG_COMPILER_APPICON_NAME = AppIcon;
				ASSETCATALOG_COMPILER_GLOBAL_ACCENT_COLOR_NAME = AccentColor;
				CLANG_CXX_LANGUAGE_STANDARD = "gnu++20";
				CODE_SIGN_STYLE = Automatic;
				CURRENT_PROJECT_VERSION = 1;
				DEVELOPMENT_TEAM = "";
				GENERATE_INFOPLIST_FILE = YES;
				HEADER_SEARCH_PATHS = (
					"metal-cpp",
					"metal-cpp-extensions",
				);
				INFOPLIST_FILE = "learn-metal/ios-shared/Info.plist";
				INFOPLIST_KEY_UIApplicationSupportsIndirectInputEvents = YES;
				INFOPLIST_KEY_UILaunchStoryboardName = LaunchScreen;
				INFOPLIST_KEY_UISupportedInterfaceOrientations_iPad = "UIInterfaceOrientationPortrait UIInterfaceOrientationPortraitUpsideDown UIInterfaceOrientationLandscapeLeft UIInterfaceOrientationLandscapeRight";
				INFOPLIST_KEY_UISupportedInterfaceOrientations_iPhone = "UIInterfaceOrientationPortrait UIInterfaceOrientationLandscapeLeft UIInterfaceOrientationLandscapeRight";
				LD_RUNPATH_SEARCH_PATHS = (
					"$(inherited)",
					"@executable_path/Frameworks",
				);
				MARKETING_VERSION = 1.0;
				PRODUCT_BUNDLE_IDENTIFIER = "com.metalbyexample.learn-metal-cpp.frame-debugging";
				PRODUCT_NAME = Debugging;
				SDKROOT = iphoneos;
				SWIFT_EMIT_LOC_STRINGS = YES;
				TARGETED_DEVICE_FAMILY = "1,2";
				VALIDATE_PRODUCT = YES;
			};
			name = Release;
		};
/* End XCBuildConfiguration section */

/* Begin XCConfigurationList section */
		71A9C05A27349B9000932563 /* Build configuration list for PBXProject "LearnMetalCPP" */ = {
			isa = XCConfigurationList;
			buildConfigurations = (
				71A9C06C27349B9100932563 /* Debug */,
				71A9C06D27349B9100932563 /* Release */,
			);
			defaultConfigurationIsVisible = 0;
			defaultConfigurationName = Release;
		};
		83ABBB1E2A12C73000763796 /* Build configuration list for PBXNativeTarget "00-window" */ = {
			isa = XCConfigurationList;
			buildConfigurations = (
				83ABBB1F2A12C73000763796 /* Debug */,
				83ABBB202A12C73000763796 /* Release */,
			);
			defaultConfigurationIsVisible = 0;
			defaultConfigurationName = Release;
		};
		83ABBB442A12EFC400763796 /* Build configuration list for PBXNativeTarget "01-primitive" */ = {
			isa = XCConfigurationList;
			buildConfigurations = (
				83ABBB452A12EFC400763796 /* Debug */,
				83ABBB462A12EFC400763796 /* Release */,
			);
			defaultConfigurationIsVisible = 0;
			defaultConfigurationName = Release;
		};
		83ABBB662A12F21700763796 /* Build configuration list for PBXNativeTarget "02-argbuffers" */ = {
			isa = XCConfigurationList;
			buildConfigurations = (
				83ABBB672A12F21700763796 /* Debug */,
				83ABBB682A12F21700763796 /* Release */,
			);
			defaultConfigurationIsVisible = 0;
			defaultConfigurationName = Release;
		};
		83ABBB882A12FBE300763796 /* Build configuration list for PBXNativeTarget "03-animation" */ = {
			isa = XCConfigurationList;
			buildConfigurations = (
				83ABBB892A12FBE300763796 /* Debug */,
				83ABBB8A2A12FBE300763796 /* Release */,
			);
			defaultConfigurationIsVisible = 0;
			defaultConfigurationName = Release;
		};
		83ABBBAA2A12FCB800763796 /* Build configuration list for PBXNativeTarget "04-instancing" */ = {
			isa = XCConfigurationList;
			buildConfigurations = (
				83ABBBAB2A12FCB800763796 /* Debug */,
				83ABBBAC2A12FCB800763796 /* Release */,
			);
			defaultConfigurationIsVisible = 0;
			defaultConfigurationName = Release;
		};
		83ABBBCC2A12FDDB00763796 /* Build configuration list for PBXNativeTarget "05-perspective" */ = {
			isa = XCConfigurationList;
			buildConfigurations = (
				83ABBBCD2A12FDDB00763796 /* Debug */,
				83ABBBCE2A12FDDB00763796 /* Release */,
			);
			defaultConfigurationIsVisible = 0;
			defaultConfigurationName = Release;
		};
		83ABBBEE2A13011800763796 /* Build configuration list for PBXNativeTarget "06-lighting" */ = {
			isa = XCConfigurationList;
			buildConfigurations = (
				83ABBBEF2A13011800763796 /* Debug */,
				83ABBBF02A13011800763796 /* Release */,
			);
			defaultConfigurationIsVisible = 0;
			defaultConfigurationName = Release;
		};
		83ABBC102A13031200763796 /* Build configuration list for PBXNativeTarget "07-texturing" */ = {
			isa = XCConfigurationList;
			buildConfigurations = (
				83ABBC112A13031200763796 /* Debug */,
				83ABBC122A13031200763796 /* Release */,
			);
			defaultConfigurationIsVisible = 0;
			defaultConfigurationName = Release;
		};
		83ABBC332A13049700763796 /* Build configuration list for PBXNativeTarget "08-compute" */ = {
			isa = XCConfigurationList;
			buildConfigurations = (
				83ABBC342A13049700763796 /* Debug */,
				83ABBC352A13049700763796 /* Release */,
			);
			defaultConfigurationIsVisible = 0;
			defaultConfigurationName = Release;
		};
		83ABBC552A1305C600763796 /* Build configuration list for PBXNativeTarget "09-compute-to-render" */ = {
			isa = XCConfigurationList;
			buildConfigurations = (
				83ABBC562A1305C600763796 /* Debug */,
				83ABBC572A1305C600763796 /* Release */,
			);
			defaultConfigurationIsVisible = 0;
			defaultConfigurationName = Release;
		};
		83ABBC772A1306FC00763796 /* Build configuration list for PBXNativeTarget "10-frame-debugging" */ = {
			isa = XCConfigurationList;
			buildConfigurations = (
				83ABBC782A1306FC00763796 /* Debug */,
				83ABBC792A1306FC00763796 /* Release */,
			);
			defaultConfigurationIsVisible = 0;
			defaultConfigurationName = Release;
		};
/* End XCConfigurationList section */
	};
	rootObject = 71A9C05727349B9000932563 /* Project object */;
}
